
Microsoft Visual Studio Solution File, Format Version 12.00
# Visual Studio 14
VisualStudioVersion = 14.0.22528.0
MinimumVisualStudioVersion = 10.0.40219.1
Project("{FAE04EC0-301F-11D3-BF4B-00C04F79EFBC}") = "BCad", "BCad\BCad.csproj", "{A978C366-6CC2-4F82-908A-8C830F7E6113}"
	ProjectSection(ProjectDependencies) = postProject
		{782E0C0A-10D3-444D-9640-263D03D2B20C} = {782E0C0A-10D3-444D-9640-263D03D2B20C}
		{EDB8FB15-5411-47F8-804A-EC0F696CD4E4} = {EDB8FB15-5411-47F8-804A-EC0F696CD4E4}
		{0B2DC042-30B6-4D2B-AC56-5F12D1EB5A55} = {0B2DC042-30B6-4D2B-AC56-5F12D1EB5A55}
		{C067E97D-3B96-462A-B09D-33FAD60DE761} = {C067E97D-3B96-462A-B09D-33FAD60DE761}
		{1421FDD2-B6C0-4464-B269-FB82C2A9BA1B} = {1421FDD2-B6C0-4464-B269-FB82C2A9BA1B}
	EndProjectSection
EndProject
Project("{FAE04EC0-301F-11D3-BF4B-00C04F79EFBC}") = "BCad.Test", "BCad.Test\BCad.Test.csproj", "{399E6364-BB96-4BA8-965D-537B732DEE19}"
EndProject
Project("{FAE04EC0-301F-11D3-BF4B-00C04F79EFBC}") = "JsonToDxf", "JsonToDxf\JsonToDxf.csproj", "{3117DE90-D6F5-4202-AE35-1826735B388A}"
EndProject
Project("{FAE04EC0-301F-11D3-BF4B-00C04F79EFBC}") = "BCad.Core.UI", "BCad.Core.UI\BCad.Core.UI.csproj", "{B02CC174-511B-4272-B625-B492074F7BC5}"
EndProject
Project("{FAE04EC0-301F-11D3-BF4B-00C04F79EFBC}") = "BCad.Metro", "BCad.Metro\BCad.Metro.csproj", "{23C31BB6-836D-440A-94DD-C15EDF85EC43}"
EndProject
Project("{FAE04EC0-301F-11D3-BF4B-00C04F79EFBC}") = "BCad.Core", "BCad.Core\BCad.Core.csproj", "{AE1E5DC5-64DB-4FBA-847C-5B84A865EEC1}"
EndProject
Project("{FAE04EC0-301F-11D3-BF4B-00C04F79EFBC}") = "IxMilia.Iges", "IxMilia.Iges\IxMilia.Iges.csproj", "{EDB8FB15-5411-47F8-804A-EC0F696CD4E4}"
EndProject
Project("{FAE04EC0-301F-11D3-BF4B-00C04F79EFBC}") = "IxMilia.Stl", "IxMilia.Stl\IxMilia.Stl.csproj", "{782E0C0A-10D3-444D-9640-263D03D2B20C}"
EndProject
Project("{FAE04EC0-301F-11D3-BF4B-00C04F79EFBC}") = "BCad.FileHandlers", "BCad.FileHandlers\BCad.FileHandlers.csproj", "{0B2DC042-30B6-4D2B-AC56-5F12D1EB5A55}"
EndProject
Project("{FAE04EC0-301F-11D3-BF4B-00C04F79EFBC}") = "BCad.Phone", "BCad.Phone\BCad.Phone.csproj", "{041AA2CE-19F3-4AF2-9D98-CC930DE7F03F}"
EndProject
Project("{2150E333-8FDC-42A3-9474-1A3956D46DE8}") = ".nuget", ".nuget", "{F24C8917-1441-491E-AB46-14B29C12E2A7}"
	ProjectSection(SolutionItems) = preProject
		.nuget\NuGet.Config = .nuget\NuGet.Config
		.nuget\NuGet.exe = .nuget\NuGet.exe
		.nuget\NuGet.targets = .nuget\NuGet.targets
	EndProjectSection
EndProject
Project("{FAE04EC0-301F-11D3-BF4B-00C04F79EFBC}") = "IxMilia.Dwg", "IxMilia.Dwg\IxMilia.Dwg.csproj", "{1421FDD2-B6C0-4464-B269-FB82C2A9BA1B}"
EndProject
Project("{FAE04EC0-301F-11D3-BF4B-00C04F79EFBC}") = "IxMilia.Dxf", "IxMilia.Dxf\IxMilia.Dxf.csproj", "{C067E97D-3B96-462A-B09D-33FAD60DE761}"
EndProject
Project("{FAE04EC0-301F-11D3-BF4B-00C04F79EFBC}") = "IxMilia.Dxf.Test", "IxMilia.Dxf.Test\IxMilia.Dxf.Test.csproj", "{B98F9CB2-3E1E-4072-99FB-B93B1C7E1A19}"
EndProject
Global
	GlobalSection(SolutionConfigurationPlatforms) = preSolution
		Debug|Any CPU = Debug|Any CPU
		Debug|ARM = Debug|ARM
		Debug|Mixed Platforms = Debug|Mixed Platforms
		Debug|x64 = Debug|x64
		Debug|x86 = Debug|x86
		Release|Any CPU = Release|Any CPU
		Release|ARM = Release|ARM
		Release|Mixed Platforms = Release|Mixed Platforms
		Release|x64 = Release|x64
		Release|x86 = Release|x86
	EndGlobalSection
	GlobalSection(ProjectConfigurationPlatforms) = postSolution
		{A978C366-6CC2-4F82-908A-8C830F7E6113}.Debug|Any CPU.ActiveCfg = Debug|Any CPU
		{A978C366-6CC2-4F82-908A-8C830F7E6113}.Debug|Any CPU.Build.0 = Debug|Any CPU
		{A978C366-6CC2-4F82-908A-8C830F7E6113}.Debug|ARM.ActiveCfg = Debug|Any CPU
		{A978C366-6CC2-4F82-908A-8C830F7E6113}.Debug|Mixed Platforms.ActiveCfg = Debug|Any CPU
		{A978C366-6CC2-4F82-908A-8C830F7E6113}.Debug|Mixed Platforms.Build.0 = Debug|Any CPU
		{A978C366-6CC2-4F82-908A-8C830F7E6113}.Debug|x64.ActiveCfg = Debug|Any CPU
		{A978C366-6CC2-4F82-908A-8C830F7E6113}.Debug|x86.ActiveCfg = Debug|Any CPU
		{A978C366-6CC2-4F82-908A-8C830F7E6113}.Debug|x86.Build.0 = Debug|Any CPU
		{A978C366-6CC2-4F82-908A-8C830F7E6113}.Release|Any CPU.ActiveCfg = Release|Any CPU
		{A978C366-6CC2-4F82-908A-8C830F7E6113}.Release|ARM.ActiveCfg = Release|Any CPU
		{A978C366-6CC2-4F82-908A-8C830F7E6113}.Release|Mixed Platforms.ActiveCfg = Release|Any CPU
		{A978C366-6CC2-4F82-908A-8C830F7E6113}.Release|Mixed Platforms.Build.0 = Release|Any CPU
		{A978C366-6CC2-4F82-908A-8C830F7E6113}.Release|x64.ActiveCfg = Release|Any CPU
		{A978C366-6CC2-4F82-908A-8C830F7E6113}.Release|x86.ActiveCfg = Release|Any CPU
		{A978C366-6CC2-4F82-908A-8C830F7E6113}.Release|x86.Build.0 = Release|Any CPU
		{399E6364-BB96-4BA8-965D-537B732DEE19}.Debug|Any CPU.ActiveCfg = Debug|Any CPU
		{399E6364-BB96-4BA8-965D-537B732DEE19}.Debug|Any CPU.Build.0 = Debug|Any CPU
		{399E6364-BB96-4BA8-965D-537B732DEE19}.Debug|ARM.ActiveCfg = Debug|Any CPU
		{399E6364-BB96-4BA8-965D-537B732DEE19}.Debug|Mixed Platforms.ActiveCfg = Debug|Any CPU
		{399E6364-BB96-4BA8-965D-537B732DEE19}.Debug|Mixed Platforms.Build.0 = Debug|Any CPU
		{399E6364-BB96-4BA8-965D-537B732DEE19}.Debug|x64.ActiveCfg = Debug|Any CPU
		{399E6364-BB96-4BA8-965D-537B732DEE19}.Debug|x86.ActiveCfg = Debug|Any CPU
		{399E6364-BB96-4BA8-965D-537B732DEE19}.Release|Any CPU.ActiveCfg = Release|Any CPU
		{399E6364-BB96-4BA8-965D-537B732DEE19}.Release|Any CPU.Build.0 = Release|Any CPU
		{399E6364-BB96-4BA8-965D-537B732DEE19}.Release|ARM.ActiveCfg = Release|Any CPU
		{399E6364-BB96-4BA8-965D-537B732DEE19}.Release|Mixed Platforms.ActiveCfg = Release|Any CPU
		{399E6364-BB96-4BA8-965D-537B732DEE19}.Release|Mixed Platforms.Build.0 = Release|Any CPU
		{399E6364-BB96-4BA8-965D-537B732DEE19}.Release|x64.ActiveCfg = Release|Any CPU
		{399E6364-BB96-4BA8-965D-537B732DEE19}.Release|x86.ActiveCfg = Release|Any CPU
		{3117DE90-D6F5-4202-AE35-1826735B388A}.Debug|Any CPU.ActiveCfg = Debug|Any CPU
		{3117DE90-D6F5-4202-AE35-1826735B388A}.Debug|Any CPU.Build.0 = Debug|Any CPU
		{3117DE90-D6F5-4202-AE35-1826735B388A}.Debug|ARM.ActiveCfg = Debug|Any CPU
		{3117DE90-D6F5-4202-AE35-1826735B388A}.Debug|Mixed Platforms.ActiveCfg = Debug|Any CPU
		{3117DE90-D6F5-4202-AE35-1826735B388A}.Debug|Mixed Platforms.Build.0 = Debug|Any CPU
		{3117DE90-D6F5-4202-AE35-1826735B388A}.Debug|x64.ActiveCfg = Debug|Any CPU
		{3117DE90-D6F5-4202-AE35-1826735B388A}.Debug|x86.ActiveCfg = Debug|Any CPU
		{3117DE90-D6F5-4202-AE35-1826735B388A}.Release|Any CPU.ActiveCfg = Release|Any CPU
		{3117DE90-D6F5-4202-AE35-1826735B388A}.Release|Any CPU.Build.0 = Release|Any CPU
		{3117DE90-D6F5-4202-AE35-1826735B388A}.Release|ARM.ActiveCfg = Release|Any CPU
		{3117DE90-D6F5-4202-AE35-1826735B388A}.Release|Mixed Platforms.ActiveCfg = Release|Any CPU
		{3117DE90-D6F5-4202-AE35-1826735B388A}.Release|Mixed Platforms.Build.0 = Release|Any CPU
		{3117DE90-D6F5-4202-AE35-1826735B388A}.Release|x64.ActiveCfg = Release|Any CPU
		{3117DE90-D6F5-4202-AE35-1826735B388A}.Release|x86.ActiveCfg = Release|Any CPU
		{B02CC174-511B-4272-B625-B492074F7BC5}.Debug|Any CPU.ActiveCfg = Debug|Any CPU
		{B02CC174-511B-4272-B625-B492074F7BC5}.Debug|Any CPU.Build.0 = Debug|Any CPU
		{B02CC174-511B-4272-B625-B492074F7BC5}.Debug|ARM.ActiveCfg = Debug|Any CPU
		{B02CC174-511B-4272-B625-B492074F7BC5}.Debug|Mixed Platforms.ActiveCfg = Debug|Any CPU
		{B02CC174-511B-4272-B625-B492074F7BC5}.Debug|Mixed Platforms.Build.0 = Debug|Any CPU
		{B02CC174-511B-4272-B625-B492074F7BC5}.Debug|x64.ActiveCfg = Debug|Any CPU
		{B02CC174-511B-4272-B625-B492074F7BC5}.Debug|x86.ActiveCfg = Debug|Any CPU
		{B02CC174-511B-4272-B625-B492074F7BC5}.Release|Any CPU.ActiveCfg = Release|Any CPU
		{B02CC174-511B-4272-B625-B492074F7BC5}.Release|Any CPU.Build.0 = Release|Any CPU
		{B02CC174-511B-4272-B625-B492074F7BC5}.Release|ARM.ActiveCfg = Release|Any CPU
		{B02CC174-511B-4272-B625-B492074F7BC5}.Release|Mixed Platforms.ActiveCfg = Release|Any CPU
		{B02CC174-511B-4272-B625-B492074F7BC5}.Release|Mixed Platforms.Build.0 = Release|Any CPU
		{B02CC174-511B-4272-B625-B492074F7BC5}.Release|x64.ActiveCfg = Release|Any CPU
		{B02CC174-511B-4272-B625-B492074F7BC5}.Release|x86.ActiveCfg = Release|Any CPU
		{23C31BB6-836D-440A-94DD-C15EDF85EC43}.Debug|Any CPU.ActiveCfg = Debug|Any CPU
		{23C31BB6-836D-440A-94DD-C15EDF85EC43}.Debug|Any CPU.Build.0 = Debug|Any CPU
		{23C31BB6-836D-440A-94DD-C15EDF85EC43}.Debug|Any CPU.Deploy.0 = Debug|Any CPU
		{23C31BB6-836D-440A-94DD-C15EDF85EC43}.Debug|ARM.ActiveCfg = Debug|ARM
		{23C31BB6-836D-440A-94DD-C15EDF85EC43}.Debug|ARM.Build.0 = Debug|ARM
		{23C31BB6-836D-440A-94DD-C15EDF85EC43}.Debug|ARM.Deploy.0 = Debug|ARM
		{23C31BB6-836D-440A-94DD-C15EDF85EC43}.Debug|Mixed Platforms.ActiveCfg = Debug|Any CPU
		{23C31BB6-836D-440A-94DD-C15EDF85EC43}.Debug|Mixed Platforms.Build.0 = Debug|Any CPU
		{23C31BB6-836D-440A-94DD-C15EDF85EC43}.Debug|Mixed Platforms.Deploy.0 = Debug|Any CPU
		{23C31BB6-836D-440A-94DD-C15EDF85EC43}.Debug|x64.ActiveCfg = Debug|x64
		{23C31BB6-836D-440A-94DD-C15EDF85EC43}.Debug|x64.Build.0 = Debug|x64
		{23C31BB6-836D-440A-94DD-C15EDF85EC43}.Debug|x64.Deploy.0 = Debug|x64
		{23C31BB6-836D-440A-94DD-C15EDF85EC43}.Debug|x86.ActiveCfg = Debug|x86
		{23C31BB6-836D-440A-94DD-C15EDF85EC43}.Debug|x86.Build.0 = Debug|x86
		{23C31BB6-836D-440A-94DD-C15EDF85EC43}.Debug|x86.Deploy.0 = Debug|x86
		{23C31BB6-836D-440A-94DD-C15EDF85EC43}.Release|Any CPU.ActiveCfg = Release|Any CPU
		{23C31BB6-836D-440A-94DD-C15EDF85EC43}.Release|Any CPU.Build.0 = Release|Any CPU
		{23C31BB6-836D-440A-94DD-C15EDF85EC43}.Release|Any CPU.Deploy.0 = Release|Any CPU
		{23C31BB6-836D-440A-94DD-C15EDF85EC43}.Release|ARM.ActiveCfg = Release|ARM
		{23C31BB6-836D-440A-94DD-C15EDF85EC43}.Release|ARM.Build.0 = Release|ARM
		{23C31BB6-836D-440A-94DD-C15EDF85EC43}.Release|ARM.Deploy.0 = Release|ARM
		{23C31BB6-836D-440A-94DD-C15EDF85EC43}.Release|Mixed Platforms.ActiveCfg = Release|x86
		{23C31BB6-836D-440A-94DD-C15EDF85EC43}.Release|Mixed Platforms.Build.0 = Release|x86
		{23C31BB6-836D-440A-94DD-C15EDF85EC43}.Release|Mixed Platforms.Deploy.0 = Release|x86
		{23C31BB6-836D-440A-94DD-C15EDF85EC43}.Release|x64.ActiveCfg = Release|x64
		{23C31BB6-836D-440A-94DD-C15EDF85EC43}.Release|x64.Build.0 = Release|x64
		{23C31BB6-836D-440A-94DD-C15EDF85EC43}.Release|x64.Deploy.0 = Release|x64
		{23C31BB6-836D-440A-94DD-C15EDF85EC43}.Release|x86.ActiveCfg = Release|x86
		{23C31BB6-836D-440A-94DD-C15EDF85EC43}.Release|x86.Build.0 = Release|x86
		{23C31BB6-836D-440A-94DD-C15EDF85EC43}.Release|x86.Deploy.0 = Release|x86
		{AE1E5DC5-64DB-4FBA-847C-5B84A865EEC1}.Debug|Any CPU.ActiveCfg = Debug|Any CPU
		{AE1E5DC5-64DB-4FBA-847C-5B84A865EEC1}.Debug|Any CPU.Build.0 = Debug|Any CPU
		{AE1E5DC5-64DB-4FBA-847C-5B84A865EEC1}.Debug|ARM.ActiveCfg = Debug|Any CPU
		{AE1E5DC5-64DB-4FBA-847C-5B84A865EEC1}.Debug|Mixed Platforms.ActiveCfg = Debug|Any CPU
		{AE1E5DC5-64DB-4FBA-847C-5B84A865EEC1}.Debug|Mixed Platforms.Build.0 = Debug|Any CPU
		{AE1E5DC5-64DB-4FBA-847C-5B84A865EEC1}.Debug|x64.ActiveCfg = Debug|Any CPU
		{AE1E5DC5-64DB-4FBA-847C-5B84A865EEC1}.Debug|x86.ActiveCfg = Debug|Any CPU
		{AE1E5DC5-64DB-4FBA-847C-5B84A865EEC1}.Release|Any CPU.ActiveCfg = Release|Any CPU
		{AE1E5DC5-64DB-4FBA-847C-5B84A865EEC1}.Release|Any CPU.Build.0 = Release|Any CPU
		{AE1E5DC5-64DB-4FBA-847C-5B84A865EEC1}.Release|ARM.ActiveCfg = Release|Any CPU
		{AE1E5DC5-64DB-4FBA-847C-5B84A865EEC1}.Release|Mixed Platforms.ActiveCfg = Release|Any CPU
		{AE1E5DC5-64DB-4FBA-847C-5B84A865EEC1}.Release|Mixed Platforms.Build.0 = Release|Any CPU
		{AE1E5DC5-64DB-4FBA-847C-5B84A865EEC1}.Release|x64.ActiveCfg = Release|Any CPU
		{AE1E5DC5-64DB-4FBA-847C-5B84A865EEC1}.Release|x86.ActiveCfg = Release|Any CPU
		{EDB8FB15-5411-47F8-804A-EC0F696CD4E4}.Debug|Any CPU.ActiveCfg = Debug|Any CPU
		{EDB8FB15-5411-47F8-804A-EC0F696CD4E4}.Debug|Any CPU.Build.0 = Debug|Any CPU
		{EDB8FB15-5411-47F8-804A-EC0F696CD4E4}.Debug|ARM.ActiveCfg = Debug|Any CPU
		{EDB8FB15-5411-47F8-804A-EC0F696CD4E4}.Debug|Mixed Platforms.ActiveCfg = Debug|Any CPU
		{EDB8FB15-5411-47F8-804A-EC0F696CD4E4}.Debug|Mixed Platforms.Build.0 = Debug|Any CPU
		{EDB8FB15-5411-47F8-804A-EC0F696CD4E4}.Debug|x64.ActiveCfg = Debug|Any CPU
		{EDB8FB15-5411-47F8-804A-EC0F696CD4E4}.Debug|x86.ActiveCfg = Debug|Any CPU
		{EDB8FB15-5411-47F8-804A-EC0F696CD4E4}.Release|Any CPU.ActiveCfg = Release|Any CPU
		{EDB8FB15-5411-47F8-804A-EC0F696CD4E4}.Release|Any CPU.Build.0 = Release|Any CPU
		{EDB8FB15-5411-47F8-804A-EC0F696CD4E4}.Release|ARM.ActiveCfg = Release|Any CPU
		{EDB8FB15-5411-47F8-804A-EC0F696CD4E4}.Release|Mixed Platforms.ActiveCfg = Release|Any CPU
		{EDB8FB15-5411-47F8-804A-EC0F696CD4E4}.Release|Mixed Platforms.Build.0 = Release|Any CPU
		{EDB8FB15-5411-47F8-804A-EC0F696CD4E4}.Release|x64.ActiveCfg = Release|Any CPU
		{EDB8FB15-5411-47F8-804A-EC0F696CD4E4}.Release|x86.ActiveCfg = Release|Any CPU
		{782E0C0A-10D3-444D-9640-263D03D2B20C}.Debug|Any CPU.ActiveCfg = Debug|Any CPU
		{782E0C0A-10D3-444D-9640-263D03D2B20C}.Debug|Any CPU.Build.0 = Debug|Any CPU
		{782E0C0A-10D3-444D-9640-263D03D2B20C}.Debug|ARM.ActiveCfg = Debug|Any CPU
		{782E0C0A-10D3-444D-9640-263D03D2B20C}.Debug|Mixed Platforms.ActiveCfg = Debug|Any CPU
		{782E0C0A-10D3-444D-9640-263D03D2B20C}.Debug|Mixed Platforms.Build.0 = Debug|Any CPU
		{782E0C0A-10D3-444D-9640-263D03D2B20C}.Debug|x64.ActiveCfg = Debug|Any CPU
		{782E0C0A-10D3-444D-9640-263D03D2B20C}.Debug|x86.ActiveCfg = Debug|Any CPU
		{782E0C0A-10D3-444D-9640-263D03D2B20C}.Release|Any CPU.ActiveCfg = Release|Any CPU
		{782E0C0A-10D3-444D-9640-263D03D2B20C}.Release|Any CPU.Build.0 = Release|Any CPU
		{782E0C0A-10D3-444D-9640-263D03D2B20C}.Release|ARM.ActiveCfg = Release|Any CPU
		{782E0C0A-10D3-444D-9640-263D03D2B20C}.Release|Mixed Platforms.ActiveCfg = Release|Any CPU
		{782E0C0A-10D3-444D-9640-263D03D2B20C}.Release|Mixed Platforms.Build.0 = Release|Any CPU
		{782E0C0A-10D3-444D-9640-263D03D2B20C}.Release|x64.ActiveCfg = Release|Any CPU
		{782E0C0A-10D3-444D-9640-263D03D2B20C}.Release|x86.ActiveCfg = Release|Any CPU
		{0B2DC042-30B6-4D2B-AC56-5F12D1EB5A55}.Debug|Any CPU.ActiveCfg = Debug|Any CPU
		{0B2DC042-30B6-4D2B-AC56-5F12D1EB5A55}.Debug|Any CPU.Build.0 = Debug|Any CPU
		{0B2DC042-30B6-4D2B-AC56-5F12D1EB5A55}.Debug|ARM.ActiveCfg = Debug|Any CPU
		{0B2DC042-30B6-4D2B-AC56-5F12D1EB5A55}.Debug|Mixed Platforms.ActiveCfg = Debug|Any CPU
		{0B2DC042-30B6-4D2B-AC56-5F12D1EB5A55}.Debug|Mixed Platforms.Build.0 = Debug|Any CPU
		{0B2DC042-30B6-4D2B-AC56-5F12D1EB5A55}.Debug|x64.ActiveCfg = Debug|Any CPU
		{0B2DC042-30B6-4D2B-AC56-5F12D1EB5A55}.Debug|x86.ActiveCfg = Debug|Any CPU
		{0B2DC042-30B6-4D2B-AC56-5F12D1EB5A55}.Release|Any CPU.ActiveCfg = Release|Any CPU
		{0B2DC042-30B6-4D2B-AC56-5F12D1EB5A55}.Release|Any CPU.Build.0 = Release|Any CPU
		{0B2DC042-30B6-4D2B-AC56-5F12D1EB5A55}.Release|ARM.ActiveCfg = Release|Any CPU
		{0B2DC042-30B6-4D2B-AC56-5F12D1EB5A55}.Release|Mixed Platforms.ActiveCfg = Release|Any CPU
		{0B2DC042-30B6-4D2B-AC56-5F12D1EB5A55}.Release|Mixed Platforms.Build.0 = Release|Any CPU
		{0B2DC042-30B6-4D2B-AC56-5F12D1EB5A55}.Release|x64.ActiveCfg = Release|Any CPU
		{0B2DC042-30B6-4D2B-AC56-5F12D1EB5A55}.Release|x86.ActiveCfg = Release|Any CPU
		{041AA2CE-19F3-4AF2-9D98-CC930DE7F03F}.Debug|Any CPU.ActiveCfg = Debug|Any CPU
		{041AA2CE-19F3-4AF2-9D98-CC930DE7F03F}.Debug|Any CPU.Build.0 = Debug|Any CPU
		{041AA2CE-19F3-4AF2-9D98-CC930DE7F03F}.Debug|Any CPU.Deploy.0 = Debug|Any CPU
		{041AA2CE-19F3-4AF2-9D98-CC930DE7F03F}.Debug|ARM.ActiveCfg = Debug|ARM
		{041AA2CE-19F3-4AF2-9D98-CC930DE7F03F}.Debug|ARM.Build.0 = Debug|ARM
		{041AA2CE-19F3-4AF2-9D98-CC930DE7F03F}.Debug|ARM.Deploy.0 = Debug|ARM
		{041AA2CE-19F3-4AF2-9D98-CC930DE7F03F}.Debug|Mixed Platforms.ActiveCfg = Debug|x86
		{041AA2CE-19F3-4AF2-9D98-CC930DE7F03F}.Debug|Mixed Platforms.Build.0 = Debug|x86
		{041AA2CE-19F3-4AF2-9D98-CC930DE7F03F}.Debug|Mixed Platforms.Deploy.0 = Debug|x86
		{041AA2CE-19F3-4AF2-9D98-CC930DE7F03F}.Debug|x64.ActiveCfg = Debug|Any CPU
		{041AA2CE-19F3-4AF2-9D98-CC930DE7F03F}.Debug|x86.ActiveCfg = Debug|x86
		{041AA2CE-19F3-4AF2-9D98-CC930DE7F03F}.Debug|x86.Build.0 = Debug|x86
		{041AA2CE-19F3-4AF2-9D98-CC930DE7F03F}.Debug|x86.Deploy.0 = Debug|x86
		{041AA2CE-19F3-4AF2-9D98-CC930DE7F03F}.Release|Any CPU.ActiveCfg = Release|Any CPU
		{041AA2CE-19F3-4AF2-9D98-CC930DE7F03F}.Release|Any CPU.Build.0 = Release|Any CPU
		{041AA2CE-19F3-4AF2-9D98-CC930DE7F03F}.Release|Any CPU.Deploy.0 = Release|Any CPU
		{041AA2CE-19F3-4AF2-9D98-CC930DE7F03F}.Release|ARM.ActiveCfg = Release|ARM
		{041AA2CE-19F3-4AF2-9D98-CC930DE7F03F}.Release|ARM.Build.0 = Release|ARM
		{041AA2CE-19F3-4AF2-9D98-CC930DE7F03F}.Release|ARM.Deploy.0 = Release|ARM
		{041AA2CE-19F3-4AF2-9D98-CC930DE7F03F}.Release|Mixed Platforms.ActiveCfg = Release|x86
		{041AA2CE-19F3-4AF2-9D98-CC930DE7F03F}.Release|Mixed Platforms.Build.0 = Release|x86
		{041AA2CE-19F3-4AF2-9D98-CC930DE7F03F}.Release|Mixed Platforms.Deploy.0 = Release|x86
		{041AA2CE-19F3-4AF2-9D98-CC930DE7F03F}.Release|x64.ActiveCfg = Release|Any CPU
		{041AA2CE-19F3-4AF2-9D98-CC930DE7F03F}.Release|x86.ActiveCfg = Release|x86
		{041AA2CE-19F3-4AF2-9D98-CC930DE7F03F}.Release|x86.Build.0 = Release|x86
		{041AA2CE-19F3-4AF2-9D98-CC930DE7F03F}.Release|x86.Deploy.0 = Release|x86
		{1421FDD2-B6C0-4464-B269-FB82C2A9BA1B}.Debug|Any CPU.ActiveCfg = Debug|Any CPU
		{1421FDD2-B6C0-4464-B269-FB82C2A9BA1B}.Debug|Any CPU.Build.0 = Debug|Any CPU
		{1421FDD2-B6C0-4464-B269-FB82C2A9BA1B}.Debug|ARM.ActiveCfg = Debug|Any CPU
		{1421FDD2-B6C0-4464-B269-FB82C2A9BA1B}.Debug|Mixed Platforms.ActiveCfg = Debug|Any CPU
		{1421FDD2-B6C0-4464-B269-FB82C2A9BA1B}.Debug|Mixed Platforms.Build.0 = Debug|Any CPU
		{1421FDD2-B6C0-4464-B269-FB82C2A9BA1B}.Debug|x64.ActiveCfg = Debug|Any CPU
		{1421FDD2-B6C0-4464-B269-FB82C2A9BA1B}.Debug|x86.ActiveCfg = Debug|Any CPU
		{1421FDD2-B6C0-4464-B269-FB82C2A9BA1B}.Release|Any CPU.ActiveCfg = Release|Any CPU
		{1421FDD2-B6C0-4464-B269-FB82C2A9BA1B}.Release|Any CPU.Build.0 = Release|Any CPU
		{1421FDD2-B6C0-4464-B269-FB82C2A9BA1B}.Release|ARM.ActiveCfg = Release|Any CPU
		{1421FDD2-B6C0-4464-B269-FB82C2A9BA1B}.Release|Mixed Platforms.ActiveCfg = Release|Any CPU
		{1421FDD2-B6C0-4464-B269-FB82C2A9BA1B}.Release|Mixed Platforms.Build.0 = Release|Any CPU
		{1421FDD2-B6C0-4464-B269-FB82C2A9BA1B}.Release|x64.ActiveCfg = Release|Any CPU
		{1421FDD2-B6C0-4464-B269-FB82C2A9BA1B}.Release|x86.ActiveCfg = Release|Any CPU
		{C067E97D-3B96-462A-B09D-33FAD60DE761}.Debug|Any CPU.ActiveCfg = Debug|Any CPU
		{C067E97D-3B96-462A-B09D-33FAD60DE761}.Debug|Any CPU.Build.0 = Debug|Any CPU
		{C067E97D-3B96-462A-B09D-33FAD60DE761}.Debug|ARM.ActiveCfg = Debug|Any CPU
		{C067E97D-3B96-462A-B09D-33FAD60DE761}.Debug|Mixed Platforms.ActiveCfg = Debug|Any CPU
		{C067E97D-3B96-462A-B09D-33FAD60DE761}.Debug|Mixed Platforms.Build.0 = Debug|Any CPU
		{C067E97D-3B96-462A-B09D-33FAD60DE761}.Debug|x64.ActiveCfg = Debug|Any CPU
		{C067E97D-3B96-462A-B09D-33FAD60DE761}.Debug|x86.ActiveCfg = Debug|Any CPU
		{C067E97D-3B96-462A-B09D-33FAD60DE761}.Release|Any CPU.ActiveCfg = Release|Any CPU
		{C067E97D-3B96-462A-B09D-33FAD60DE761}.Release|Any CPU.Build.0 = Release|Any CPU
		{C067E97D-3B96-462A-B09D-33FAD60DE761}.Release|ARM.ActiveCfg = Release|Any CPU
		{C067E97D-3B96-462A-B09D-33FAD60DE761}.Release|Mixed Platforms.ActiveCfg = Release|Any CPU
		{C067E97D-3B96-462A-B09D-33FAD60DE761}.Release|Mixed Platforms.Build.0 = Release|Any CPU
		{C067E97D-3B96-462A-B09D-33FAD60DE761}.Release|x64.ActiveCfg = Release|Any CPU
		{C067E97D-3B96-462A-B09D-33FAD60DE761}.Release|x86.ActiveCfg = Release|Any CPU
		{B98F9CB2-3E1E-4072-99FB-B93B1C7E1A19}.Debug|Any CPU.ActiveCfg = Debug|Any CPU
		{B98F9CB2-3E1E-4072-99FB-B93B1C7E1A19}.Debug|Any CPU.Build.0 = Debug|Any CPU
		{B98F9CB2-3E1E-4072-99FB-B93B1C7E1A19}.Debug|ARM.ActiveCfg = Debug|Any CPU
		{B98F9CB2-3E1E-4072-99FB-B93B1C7E1A19}.Debug|Mixed Platforms.ActiveCfg = Debug|Any CPU
		{B98F9CB2-3E1E-4072-99FB-B93B1C7E1A19}.Debug|Mixed Platforms.Build.0 = Debug|Any CPU
		{B98F9CB2-3E1E-4072-99FB-B93B1C7E1A19}.Debug|x64.ActiveCfg = Debug|Any CPU
		{B98F9CB2-3E1E-4072-99FB-B93B1C7E1A19}.Debug|x86.ActiveCfg = Debug|Any CPU
		{B98F9CB2-3E1E-4072-99FB-B93B1C7E1A19}.Release|Any CPU.ActiveCfg = Release|Any CPU
		{B98F9CB2-3E1E-4072-99FB-B93B1C7E1A19}.Release|Any CPU.Build.0 = Release|Any CPU
		{B98F9CB2-3E1E-4072-99FB-B93B1C7E1A19}.Release|ARM.ActiveCfg = Release|Any CPU
		{B98F9CB2-3E1E-4072-99FB-B93B1C7E1A19}.Release|Mixed Platforms.ActiveCfg = Release|Any CPU
		{B98F9CB2-3E1E-4072-99FB-B93B1C7E1A19}.Release|Mixed Platforms.Build.0 = Release|Any CPU
		{B98F9CB2-3E1E-4072-99FB-B93B1C7E1A19}.Release|x64.ActiveCfg = Release|Any CPU
		{B98F9CB2-3E1E-4072-99FB-B93B1C7E1A19}.Release|x86.ActiveCfg = Release|Any CPU
	EndGlobalSection
	GlobalSection(SolutionProperties) = preSolution
		HideSolutionNode = FALSE
	EndGlobalSection
EndGlobal
