
Microsoft Visual Studio Solution File, Format Version 12.00
# Visual Studio 2013
VisualStudioVersion = 12.0.21005.1
MinimumVisualStudioVersion = 10.0.40219.1
Project("{FAE04EC0-301F-11D3-BF4B-00C04F79EFBC}") = "BCad", "BCad\BCad.csproj", "{A978C366-6CC2-4F82-908A-8C830F7E6113}"
	ProjectSection(ProjectDependencies) = postProject
		{FFE8411A-03DF-4FED-9B4D-A8CE23CBB530} = {FFE8411A-03DF-4FED-9B4D-A8CE23CBB530}
		{D577269F-EA58-4EA1-A97D-A1A3FC9259B2} = {D577269F-EA58-4EA1-A97D-A1A3FC9259B2}
	EndProjectSection
EndProject
Project("{FAE04EC0-301F-11D3-BF4B-00C04F79EFBC}") = "BCad.Test", "BCad.Test\BCad.Test.csproj", "{399E6364-BB96-4BA8-965D-537B732DEE19}"
	ProjectSection(ProjectDependencies) = postProject
		{D577269F-EA58-4EA1-A97D-A1A3FC9259B2} = {D577269F-EA58-4EA1-A97D-A1A3FC9259B2}
	EndProjectSection
EndProject
Project("{FAE04EC0-301F-11D3-BF4B-00C04F79EFBC}") = "BCad.Dxf", "BCad.Dxf\BCad.Dxf.csproj", "{8C5A1440-8C5F-40AA-948F-67E8A2227000}"
	ProjectSection(ProjectDependencies) = postProject
		{F48A89A3-6D0F-4CC8-84C4-7FF0D92723E2} = {F48A89A3-6D0F-4CC8-84C4-7FF0D92723E2}
	EndProjectSection
EndProject
Project("{FAE04EC0-301F-11D3-BF4B-00C04F79EFBC}") = "BCad.UI", "BCad.UI\BCad.UI.csproj", "{D577269F-EA58-4EA1-A97D-A1A3FC9259B2}"
EndProject
Project("{FAE04EC0-301F-11D3-BF4B-00C04F79EFBC}") = "BCad.Stl", "BCad.Stl\BCad.Stl.csproj", "{B6A2DC99-A13C-43EC-92BE-79E579E10F57}"
EndProject
Project("{FAE04EC0-301F-11D3-BF4B-00C04F79EFBC}") = "BCad.Iges", "BCad.Iges\BCad.Iges.csproj", "{59B09CA5-1837-4C2B-858C-91E997939C79}"
EndProject
Project("{FAE04EC0-301F-11D3-BF4B-00C04F79EFBC}") = "BCad.Dxf.Helper", "BCad.Dxf.Helper\BCad.Dxf.Helper.csproj", "{F48A89A3-6D0F-4CC8-84C4-7FF0D92723E2}"
EndProject
Project("{FAE04EC0-301F-11D3-BF4B-00C04F79EFBC}") = "JsonToDxf", "JsonToDxf\JsonToDxf.csproj", "{3117DE90-D6F5-4202-AE35-1826735B388A}"
EndProject
Project("{FAE04EC0-301F-11D3-BF4B-00C04F79EFBC}") = "BCad.Core.UI", "BCad.Core.UI\BCad.Core.UI.csproj", "{B02CC174-511B-4272-B625-B492074F7BC5}"
EndProject
Project("{FAE04EC0-301F-11D3-BF4B-00C04F79EFBC}") = "BCad.FileHandlers", "BCad.FileHandlers\BCad.FileHandlers.csproj", "{FFE8411A-03DF-4FED-9B4D-A8CE23CBB530}"
EndProject
Project("{FAE04EC0-301F-11D3-BF4B-00C04F79EFBC}") = "BCad.Metro", "BCad.Metro\BCad.Metro.csproj", "{23C31BB6-836D-440A-94DD-C15EDF85EC43}"
EndProject
Project("{FAE04EC0-301F-11D3-BF4B-00C04F79EFBC}") = "BCad.Core", "BCad.Core\BCad.Core.csproj", "{AE1E5DC5-64DB-4FBA-847C-5B84A865EEC1}"
EndProject
Global
	GlobalSection(SolutionConfigurationPlatforms) = preSolution
		Debug|Any CPU = Debug|Any CPU
		Debug|ARM = Debug|ARM
		Debug|Mixed Platforms = Debug|Mixed Platforms
		Debug|x64 = Debug|x64
		Debug|x86 = Debug|x86
		Release|Any CPU = Release|Any CPU
		Release|ARM = Release|ARM
		Release|Mixed Platforms = Release|Mixed Platforms
		Release|x64 = Release|x64
		Release|x86 = Release|x86
	EndGlobalSection
	GlobalSection(ProjectConfigurationPlatforms) = postSolution
		{A978C366-6CC2-4F82-908A-8C830F7E6113}.Debug|Any CPU.ActiveCfg = Debug|x86
		{A978C366-6CC2-4F82-908A-8C830F7E6113}.Debug|ARM.ActiveCfg = Debug|x86
		{A978C366-6CC2-4F82-908A-8C830F7E6113}.Debug|Mixed Platforms.ActiveCfg = Debug|x86
		{A978C366-6CC2-4F82-908A-8C830F7E6113}.Debug|Mixed Platforms.Build.0 = Debug|x86
		{A978C366-6CC2-4F82-908A-8C830F7E6113}.Debug|x64.ActiveCfg = Debug|x86
		{A978C366-6CC2-4F82-908A-8C830F7E6113}.Debug|x86.ActiveCfg = Debug|x86
		{A978C366-6CC2-4F82-908A-8C830F7E6113}.Debug|x86.Build.0 = Debug|x86
		{A978C366-6CC2-4F82-908A-8C830F7E6113}.Release|Any CPU.ActiveCfg = Release|x86
		{A978C366-6CC2-4F82-908A-8C830F7E6113}.Release|ARM.ActiveCfg = Release|x86
		{A978C366-6CC2-4F82-908A-8C830F7E6113}.Release|Mixed Platforms.ActiveCfg = Release|x86
		{A978C366-6CC2-4F82-908A-8C830F7E6113}.Release|Mixed Platforms.Build.0 = Release|x86
		{A978C366-6CC2-4F82-908A-8C830F7E6113}.Release|x64.ActiveCfg = Release|x86
		{A978C366-6CC2-4F82-908A-8C830F7E6113}.Release|x86.ActiveCfg = Release|x86
		{A978C366-6CC2-4F82-908A-8C830F7E6113}.Release|x86.Build.0 = Release|x86
		{399E6364-BB96-4BA8-965D-537B732DEE19}.Debug|Any CPU.ActiveCfg = Debug|Any CPU
		{399E6364-BB96-4BA8-965D-537B732DEE19}.Debug|Any CPU.Build.0 = Debug|Any CPU
		{399E6364-BB96-4BA8-965D-537B732DEE19}.Debug|ARM.ActiveCfg = Debug|Any CPU
		{399E6364-BB96-4BA8-965D-537B732DEE19}.Debug|Mixed Platforms.ActiveCfg = Debug|Any CPU
		{399E6364-BB96-4BA8-965D-537B732DEE19}.Debug|Mixed Platforms.Build.0 = Debug|Any CPU
		{399E6364-BB96-4BA8-965D-537B732DEE19}.Debug|x64.ActiveCfg = Debug|Any CPU
		{399E6364-BB96-4BA8-965D-537B732DEE19}.Debug|x86.ActiveCfg = Debug|Any CPU
		{399E6364-BB96-4BA8-965D-537B732DEE19}.Release|Any CPU.ActiveCfg = Release|Any CPU
		{399E6364-BB96-4BA8-965D-537B732DEE19}.Release|Any CPU.Build.0 = Release|Any CPU
		{399E6364-BB96-4BA8-965D-537B732DEE19}.Release|ARM.ActiveCfg = Release|Any CPU
		{399E6364-BB96-4BA8-965D-537B732DEE19}.Release|Mixed Platforms.ActiveCfg = Release|Any CPU
		{399E6364-BB96-4BA8-965D-537B732DEE19}.Release|Mixed Platforms.Build.0 = Release|Any CPU
		{399E6364-BB96-4BA8-965D-537B732DEE19}.Release|x64.ActiveCfg = Release|Any CPU
		{399E6364-BB96-4BA8-965D-537B732DEE19}.Release|x86.ActiveCfg = Release|Any CPU
		{8C5A1440-8C5F-40AA-948F-67E8A2227000}.Debug|Any CPU.ActiveCfg = Debug|Any CPU
		{8C5A1440-8C5F-40AA-948F-67E8A2227000}.Debug|Any CPU.Build.0 = Debug|Any CPU
		{8C5A1440-8C5F-40AA-948F-67E8A2227000}.Debug|ARM.ActiveCfg = Debug|Any CPU
		{8C5A1440-8C5F-40AA-948F-67E8A2227000}.Debug|Mixed Platforms.ActiveCfg = Debug|Any CPU
		{8C5A1440-8C5F-40AA-948F-67E8A2227000}.Debug|Mixed Platforms.Build.0 = Debug|Any CPU
		{8C5A1440-8C5F-40AA-948F-67E8A2227000}.Debug|x64.ActiveCfg = Debug|Any CPU
		{8C5A1440-8C5F-40AA-948F-67E8A2227000}.Debug|x86.ActiveCfg = Debug|Any CPU
		{8C5A1440-8C5F-40AA-948F-67E8A2227000}.Release|Any CPU.ActiveCfg = Release|Any CPU
		{8C5A1440-8C5F-40AA-948F-67E8A2227000}.Release|Any CPU.Build.0 = Release|Any CPU
		{8C5A1440-8C5F-40AA-948F-67E8A2227000}.Release|ARM.ActiveCfg = Release|Any CPU
		{8C5A1440-8C5F-40AA-948F-67E8A2227000}.Release|Mixed Platforms.ActiveCfg = Release|Any CPU
		{8C5A1440-8C5F-40AA-948F-67E8A2227000}.Release|Mixed Platforms.Build.0 = Release|Any CPU
		{8C5A1440-8C5F-40AA-948F-67E8A2227000}.Release|x64.ActiveCfg = Release|Any CPU
		{8C5A1440-8C5F-40AA-948F-67E8A2227000}.Release|x86.ActiveCfg = Release|Any CPU
		{D577269F-EA58-4EA1-A97D-A1A3FC9259B2}.Debug|Any CPU.ActiveCfg = Debug|Any CPU
		{D577269F-EA58-4EA1-A97D-A1A3FC9259B2}.Debug|Any CPU.Build.0 = Debug|Any CPU
		{D577269F-EA58-4EA1-A97D-A1A3FC9259B2}.Debug|ARM.ActiveCfg = Debug|Any CPU
		{D577269F-EA58-4EA1-A97D-A1A3FC9259B2}.Debug|Mixed Platforms.ActiveCfg = Debug|Any CPU
		{D577269F-EA58-4EA1-A97D-A1A3FC9259B2}.Debug|Mixed Platforms.Build.0 = Debug|Any CPU
		{D577269F-EA58-4EA1-A97D-A1A3FC9259B2}.Debug|x64.ActiveCfg = Debug|Any CPU
		{D577269F-EA58-4EA1-A97D-A1A3FC9259B2}.Debug|x86.ActiveCfg = Debug|Any CPU
		{D577269F-EA58-4EA1-A97D-A1A3FC9259B2}.Release|Any CPU.ActiveCfg = Release|Any CPU
		{D577269F-EA58-4EA1-A97D-A1A3FC9259B2}.Release|Any CPU.Build.0 = Release|Any CPU
		{D577269F-EA58-4EA1-A97D-A1A3FC9259B2}.Release|ARM.ActiveCfg = Release|Any CPU
		{D577269F-EA58-4EA1-A97D-A1A3FC9259B2}.Release|Mixed Platforms.ActiveCfg = Release|Any CPU
		{D577269F-EA58-4EA1-A97D-A1A3FC9259B2}.Release|Mixed Platforms.Build.0 = Release|Any CPU
		{D577269F-EA58-4EA1-A97D-A1A3FC9259B2}.Release|x64.ActiveCfg = Release|Any CPU
		{D577269F-EA58-4EA1-A97D-A1A3FC9259B2}.Release|x86.ActiveCfg = Release|Any CPU
		{B6A2DC99-A13C-43EC-92BE-79E579E10F57}.Debug|Any CPU.ActiveCfg = Debug|Any CPU
		{B6A2DC99-A13C-43EC-92BE-79E579E10F57}.Debug|Any CPU.Build.0 = Debug|Any CPU
		{B6A2DC99-A13C-43EC-92BE-79E579E10F57}.Debug|ARM.ActiveCfg = Debug|Any CPU
		{B6A2DC99-A13C-43EC-92BE-79E579E10F57}.Debug|Mixed Platforms.ActiveCfg = Debug|Any CPU
		{B6A2DC99-A13C-43EC-92BE-79E579E10F57}.Debug|Mixed Platforms.Build.0 = Debug|Any CPU
		{B6A2DC99-A13C-43EC-92BE-79E579E10F57}.Debug|x64.ActiveCfg = Debug|Any CPU
		{B6A2DC99-A13C-43EC-92BE-79E579E10F57}.Debug|x86.ActiveCfg = Debug|Any CPU
		{B6A2DC99-A13C-43EC-92BE-79E579E10F57}.Release|Any CPU.ActiveCfg = Release|Any CPU
		{B6A2DC99-A13C-43EC-92BE-79E579E10F57}.Release|Any CPU.Build.0 = Release|Any CPU
		{B6A2DC99-A13C-43EC-92BE-79E579E10F57}.Release|ARM.ActiveCfg = Release|Any CPU
		{B6A2DC99-A13C-43EC-92BE-79E579E10F57}.Release|Mixed Platforms.ActiveCfg = Release|Any CPU
		{B6A2DC99-A13C-43EC-92BE-79E579E10F57}.Release|Mixed Platforms.Build.0 = Release|Any CPU
		{B6A2DC99-A13C-43EC-92BE-79E579E10F57}.Release|x64.ActiveCfg = Release|Any CPU
		{B6A2DC99-A13C-43EC-92BE-79E579E10F57}.Release|x86.ActiveCfg = Release|Any CPU
		{59B09CA5-1837-4C2B-858C-91E997939C79}.Debug|Any CPU.ActiveCfg = Debug|Any CPU
		{59B09CA5-1837-4C2B-858C-91E997939C79}.Debug|Any CPU.Build.0 = Debug|Any CPU
		{59B09CA5-1837-4C2B-858C-91E997939C79}.Debug|ARM.ActiveCfg = Debug|Any CPU
		{59B09CA5-1837-4C2B-858C-91E997939C79}.Debug|Mixed Platforms.ActiveCfg = Debug|Any CPU
		{59B09CA5-1837-4C2B-858C-91E997939C79}.Debug|Mixed Platforms.Build.0 = Debug|Any CPU
		{59B09CA5-1837-4C2B-858C-91E997939C79}.Debug|x64.ActiveCfg = Debug|Any CPU
		{59B09CA5-1837-4C2B-858C-91E997939C79}.Debug|x86.ActiveCfg = Debug|Any CPU
		{59B09CA5-1837-4C2B-858C-91E997939C79}.Release|Any CPU.ActiveCfg = Release|Any CPU
		{59B09CA5-1837-4C2B-858C-91E997939C79}.Release|Any CPU.Build.0 = Release|Any CPU
		{59B09CA5-1837-4C2B-858C-91E997939C79}.Release|ARM.ActiveCfg = Release|Any CPU
		{59B09CA5-1837-4C2B-858C-91E997939C79}.Release|Mixed Platforms.ActiveCfg = Release|Any CPU
		{59B09CA5-1837-4C2B-858C-91E997939C79}.Release|Mixed Platforms.Build.0 = Release|Any CPU
		{59B09CA5-1837-4C2B-858C-91E997939C79}.Release|x64.ActiveCfg = Release|Any CPU
		{59B09CA5-1837-4C2B-858C-91E997939C79}.Release|x86.ActiveCfg = Release|Any CPU
		{F48A89A3-6D0F-4CC8-84C4-7FF0D92723E2}.Debug|Any CPU.ActiveCfg = Debug|Any CPU
		{F48A89A3-6D0F-4CC8-84C4-7FF0D92723E2}.Debug|Any CPU.Build.0 = Debug|Any CPU
		{F48A89A3-6D0F-4CC8-84C4-7FF0D92723E2}.Debug|ARM.ActiveCfg = Debug|Any CPU
		{F48A89A3-6D0F-4CC8-84C4-7FF0D92723E2}.Debug|Mixed Platforms.ActiveCfg = Debug|Any CPU
		{F48A89A3-6D0F-4CC8-84C4-7FF0D92723E2}.Debug|Mixed Platforms.Build.0 = Debug|Any CPU
		{F48A89A3-6D0F-4CC8-84C4-7FF0D92723E2}.Debug|x64.ActiveCfg = Debug|Any CPU
		{F48A89A3-6D0F-4CC8-84C4-7FF0D92723E2}.Debug|x86.ActiveCfg = Debug|Any CPU
		{F48A89A3-6D0F-4CC8-84C4-7FF0D92723E2}.Release|Any CPU.ActiveCfg = Release|Any CPU
		{F48A89A3-6D0F-4CC8-84C4-7FF0D92723E2}.Release|Any CPU.Build.0 = Release|Any CPU
		{F48A89A3-6D0F-4CC8-84C4-7FF0D92723E2}.Release|ARM.ActiveCfg = Release|Any CPU
		{F48A89A3-6D0F-4CC8-84C4-7FF0D92723E2}.Release|Mixed Platforms.ActiveCfg = Release|Any CPU
		{F48A89A3-6D0F-4CC8-84C4-7FF0D92723E2}.Release|Mixed Platforms.Build.0 = Release|Any CPU
		{F48A89A3-6D0F-4CC8-84C4-7FF0D92723E2}.Release|x64.ActiveCfg = Release|Any CPU
		{F48A89A3-6D0F-4CC8-84C4-7FF0D92723E2}.Release|x86.ActiveCfg = Release|Any CPU
		{3117DE90-D6F5-4202-AE35-1826735B388A}.Debug|Any CPU.ActiveCfg = Debug|Any CPU
		{3117DE90-D6F5-4202-AE35-1826735B388A}.Debug|Any CPU.Build.0 = Debug|Any CPU
		{3117DE90-D6F5-4202-AE35-1826735B388A}.Debug|ARM.ActiveCfg = Debug|Any CPU
		{3117DE90-D6F5-4202-AE35-1826735B388A}.Debug|Mixed Platforms.ActiveCfg = Debug|Any CPU
		{3117DE90-D6F5-4202-AE35-1826735B388A}.Debug|Mixed Platforms.Build.0 = Debug|Any CPU
		{3117DE90-D6F5-4202-AE35-1826735B388A}.Debug|x64.ActiveCfg = Debug|Any CPU
		{3117DE90-D6F5-4202-AE35-1826735B388A}.Debug|x86.ActiveCfg = Debug|Any CPU
		{3117DE90-D6F5-4202-AE35-1826735B388A}.Release|Any CPU.ActiveCfg = Release|Any CPU
		{3117DE90-D6F5-4202-AE35-1826735B388A}.Release|Any CPU.Build.0 = Release|Any CPU
		{3117DE90-D6F5-4202-AE35-1826735B388A}.Release|ARM.ActiveCfg = Release|Any CPU
		{3117DE90-D6F5-4202-AE35-1826735B388A}.Release|Mixed Platforms.ActiveCfg = Release|Any CPU
		{3117DE90-D6F5-4202-AE35-1826735B388A}.Release|Mixed Platforms.Build.0 = Release|Any CPU
		{3117DE90-D6F5-4202-AE35-1826735B388A}.Release|x64.ActiveCfg = Release|Any CPU
		{3117DE90-D6F5-4202-AE35-1826735B388A}.Release|x86.ActiveCfg = Release|Any CPU
		{B02CC174-511B-4272-B625-B492074F7BC5}.Debug|Any CPU.ActiveCfg = Debug|Any CPU
		{B02CC174-511B-4272-B625-B492074F7BC5}.Debug|Any CPU.Build.0 = Debug|Any CPU
		{B02CC174-511B-4272-B625-B492074F7BC5}.Debug|ARM.ActiveCfg = Debug|Any CPU
		{B02CC174-511B-4272-B625-B492074F7BC5}.Debug|Mixed Platforms.ActiveCfg = Debug|Any CPU
		{B02CC174-511B-4272-B625-B492074F7BC5}.Debug|Mixed Platforms.Build.0 = Debug|Any CPU
		{B02CC174-511B-4272-B625-B492074F7BC5}.Debug|x64.ActiveCfg = Debug|Any CPU
		{B02CC174-511B-4272-B625-B492074F7BC5}.Debug|x86.ActiveCfg = Debug|Any CPU
		{B02CC174-511B-4272-B625-B492074F7BC5}.Release|Any CPU.ActiveCfg = Release|Any CPU
		{B02CC174-511B-4272-B625-B492074F7BC5}.Release|Any CPU.Build.0 = Release|Any CPU
		{B02CC174-511B-4272-B625-B492074F7BC5}.Release|ARM.ActiveCfg = Release|Any CPU
		{B02CC174-511B-4272-B625-B492074F7BC5}.Release|Mixed Platforms.ActiveCfg = Release|Any CPU
		{B02CC174-511B-4272-B625-B492074F7BC5}.Release|Mixed Platforms.Build.0 = Release|Any CPU
		{B02CC174-511B-4272-B625-B492074F7BC5}.Release|x64.ActiveCfg = Release|Any CPU
		{B02CC174-511B-4272-B625-B492074F7BC5}.Release|x86.ActiveCfg = Release|Any CPU
		{FFE8411A-03DF-4FED-9B4D-A8CE23CBB530}.Debug|Any CPU.ActiveCfg = Debug|Any CPU
		{FFE8411A-03DF-4FED-9B4D-A8CE23CBB530}.Debug|Any CPU.Build.0 = Debug|Any CPU
		{FFE8411A-03DF-4FED-9B4D-A8CE23CBB530}.Debug|ARM.ActiveCfg = Debug|Any CPU
		{FFE8411A-03DF-4FED-9B4D-A8CE23CBB530}.Debug|Mixed Platforms.ActiveCfg = Debug|Any CPU
		{FFE8411A-03DF-4FED-9B4D-A8CE23CBB530}.Debug|Mixed Platforms.Build.0 = Debug|Any CPU
		{FFE8411A-03DF-4FED-9B4D-A8CE23CBB530}.Debug|x64.ActiveCfg = Debug|Any CPU
		{FFE8411A-03DF-4FED-9B4D-A8CE23CBB530}.Debug|x86.ActiveCfg = Debug|Any CPU
		{FFE8411A-03DF-4FED-9B4D-A8CE23CBB530}.Release|Any CPU.ActiveCfg = Release|Any CPU
		{FFE8411A-03DF-4FED-9B4D-A8CE23CBB530}.Release|Any CPU.Build.0 = Release|Any CPU
		{FFE8411A-03DF-4FED-9B4D-A8CE23CBB530}.Release|ARM.ActiveCfg = Release|Any CPU
		{FFE8411A-03DF-4FED-9B4D-A8CE23CBB530}.Release|Mixed Platforms.ActiveCfg = Release|Any CPU
		{FFE8411A-03DF-4FED-9B4D-A8CE23CBB530}.Release|Mixed Platforms.Build.0 = Release|Any CPU
		{FFE8411A-03DF-4FED-9B4D-A8CE23CBB530}.Release|x64.ActiveCfg = Release|Any CPU
		{FFE8411A-03DF-4FED-9B4D-A8CE23CBB530}.Release|x86.ActiveCfg = Release|Any CPU
		{23C31BB6-836D-440A-94DD-C15EDF85EC43}.Debug|Any CPU.ActiveCfg = Debug|Any CPU
		{23C31BB6-836D-440A-94DD-C15EDF85EC43}.Debug|Any CPU.Build.0 = Debug|Any CPU
		{23C31BB6-836D-440A-94DD-C15EDF85EC43}.Debug|Any CPU.Deploy.0 = Debug|Any CPU
		{23C31BB6-836D-440A-94DD-C15EDF85EC43}.Debug|ARM.ActiveCfg = Debug|ARM
		{23C31BB6-836D-440A-94DD-C15EDF85EC43}.Debug|ARM.Build.0 = Debug|ARM
		{23C31BB6-836D-440A-94DD-C15EDF85EC43}.Debug|ARM.Deploy.0 = Debug|ARM
		{23C31BB6-836D-440A-94DD-C15EDF85EC43}.Debug|Mixed Platforms.ActiveCfg = Debug|x86
		{23C31BB6-836D-440A-94DD-C15EDF85EC43}.Debug|Mixed Platforms.Build.0 = Debug|x86
		{23C31BB6-836D-440A-94DD-C15EDF85EC43}.Debug|Mixed Platforms.Deploy.0 = Debug|x86
		{23C31BB6-836D-440A-94DD-C15EDF85EC43}.Debug|x64.ActiveCfg = Debug|x64
		{23C31BB6-836D-440A-94DD-C15EDF85EC43}.Debug|x64.Build.0 = Debug|x64
		{23C31BB6-836D-440A-94DD-C15EDF85EC43}.Debug|x64.Deploy.0 = Debug|x64
		{23C31BB6-836D-440A-94DD-C15EDF85EC43}.Debug|x86.ActiveCfg = Debug|x86
		{23C31BB6-836D-440A-94DD-C15EDF85EC43}.Debug|x86.Build.0 = Debug|x86
		{23C31BB6-836D-440A-94DD-C15EDF85EC43}.Debug|x86.Deploy.0 = Debug|x86
		{23C31BB6-836D-440A-94DD-C15EDF85EC43}.Release|Any CPU.ActiveCfg = Release|Any CPU
		{23C31BB6-836D-440A-94DD-C15EDF85EC43}.Release|Any CPU.Build.0 = Release|Any CPU
		{23C31BB6-836D-440A-94DD-C15EDF85EC43}.Release|Any CPU.Deploy.0 = Release|Any CPU
		{23C31BB6-836D-440A-94DD-C15EDF85EC43}.Release|ARM.ActiveCfg = Release|ARM
		{23C31BB6-836D-440A-94DD-C15EDF85EC43}.Release|ARM.Build.0 = Release|ARM
		{23C31BB6-836D-440A-94DD-C15EDF85EC43}.Release|ARM.Deploy.0 = Release|ARM
		{23C31BB6-836D-440A-94DD-C15EDF85EC43}.Release|Mixed Platforms.ActiveCfg = Release|x86
		{23C31BB6-836D-440A-94DD-C15EDF85EC43}.Release|Mixed Platforms.Build.0 = Release|x86
		{23C31BB6-836D-440A-94DD-C15EDF85EC43}.Release|Mixed Platforms.Deploy.0 = Release|x86
		{23C31BB6-836D-440A-94DD-C15EDF85EC43}.Release|x64.ActiveCfg = Release|x64
		{23C31BB6-836D-440A-94DD-C15EDF85EC43}.Release|x64.Build.0 = Release|x64
		{23C31BB6-836D-440A-94DD-C15EDF85EC43}.Release|x64.Deploy.0 = Release|x64
		{23C31BB6-836D-440A-94DD-C15EDF85EC43}.Release|x86.ActiveCfg = Release|x86
		{23C31BB6-836D-440A-94DD-C15EDF85EC43}.Release|x86.Build.0 = Release|x86
		{23C31BB6-836D-440A-94DD-C15EDF85EC43}.Release|x86.Deploy.0 = Release|x86
		{AE1E5DC5-64DB-4FBA-847C-5B84A865EEC1}.Debug|Any CPU.ActiveCfg = Debug|Any CPU
		{AE1E5DC5-64DB-4FBA-847C-5B84A865EEC1}.Debug|Any CPU.Build.0 = Debug|Any CPU
		{AE1E5DC5-64DB-4FBA-847C-5B84A865EEC1}.Debug|ARM.ActiveCfg = Debug|Any CPU
		{AE1E5DC5-64DB-4FBA-847C-5B84A865EEC1}.Debug|Mixed Platforms.ActiveCfg = Debug|Any CPU
		{AE1E5DC5-64DB-4FBA-847C-5B84A865EEC1}.Debug|Mixed Platforms.Build.0 = Debug|Any CPU
		{AE1E5DC5-64DB-4FBA-847C-5B84A865EEC1}.Debug|x64.ActiveCfg = Debug|Any CPU
		{AE1E5DC5-64DB-4FBA-847C-5B84A865EEC1}.Debug|x86.ActiveCfg = Debug|Any CPU
		{AE1E5DC5-64DB-4FBA-847C-5B84A865EEC1}.Release|Any CPU.ActiveCfg = Release|Any CPU
		{AE1E5DC5-64DB-4FBA-847C-5B84A865EEC1}.Release|Any CPU.Build.0 = Release|Any CPU
		{AE1E5DC5-64DB-4FBA-847C-5B84A865EEC1}.Release|ARM.ActiveCfg = Release|Any CPU
		{AE1E5DC5-64DB-4FBA-847C-5B84A865EEC1}.Release|Mixed Platforms.ActiveCfg = Release|Any CPU
		{AE1E5DC5-64DB-4FBA-847C-5B84A865EEC1}.Release|Mixed Platforms.Build.0 = Release|Any CPU
		{AE1E5DC5-64DB-4FBA-847C-5B84A865EEC1}.Release|x64.ActiveCfg = Release|Any CPU
		{AE1E5DC5-64DB-4FBA-847C-5B84A865EEC1}.Release|x86.ActiveCfg = Release|Any CPU
	EndGlobalSection
	GlobalSection(SolutionProperties) = preSolution
		HideSolutionNode = FALSE
	EndGlobalSection
EndGlobal
