
Microsoft Visual Studio Solution File, Format Version 12.00
# Visual Studio Version 17
VisualStudioVersion = 17.0.31626.483
MinimumVisualStudioVersion = 10.0.40219.1
Project("{9A19103F-16F7-4668-BE54-9A1E7A4F7556}") = "IxMilia.BCad.Core", "src\IxMilia.BCad.Core\IxMilia.BCad.Core.csproj", "{AE1E5DC5-64DB-4FBA-847C-5B84A865EEC1}"
EndProject
Project("{9A19103F-16F7-4668-BE54-9A1E7A4F7556}") = "IxMilia.BCad.FileHandlers", "src\IxMilia.BCad.FileHandlers\IxMilia.BCad.FileHandlers.csproj", "{0B2DC042-30B6-4D2B-AC56-5F12D1EB5A55}"
EndProject
Project("{9A19103F-16F7-4668-BE54-9A1E7A4F7556}") = "IxMilia.Iges", "src\IxMilia.Iges\src\IxMilia.Iges\IxMilia.Iges.csproj", "{EDB8FB15-5411-47F8-804A-EC0F696CD4E4}"
EndProject
Project("{9A19103F-16F7-4668-BE54-9A1E7A4F7556}") = "IxMilia.Step", "src\IxMilia.Step\src\IxMilia.Step\IxMilia.Step.csproj", "{7BEB4FB6-8A3E-4690-B06C-357130AB4226}"
EndProject
Project("{9A19103F-16F7-4668-BE54-9A1E7A4F7556}") = "IxMilia.Config", "src\IxMilia.Config\src\IxMilia.Config\IxMilia.Config.csproj", "{B1A59BD1-0661-4B55-9B36-F9B970829D12}"
EndProject
Project("{9A19103F-16F7-4668-BE54-9A1E7A4F7556}") = "IxMilia.Stl", "src\IxMilia.Stl\src\IxMilia.Stl\IxMilia.Stl.csproj", "{E55B1680-A787-49EC-AF25-45F14B08848D}"
EndProject
Project("{9A19103F-16F7-4668-BE54-9A1E7A4F7556}") = "IxMilia.BCad.FileHandlers.Test", "src\IxMilia.BCad.FileHandlers.Test\IxMilia.BCad.FileHandlers.Test.csproj", "{CE371DD1-3780-4D9A-A440-FB2D58311552}"
EndProject
Project("{9A19103F-16F7-4668-BE54-9A1E7A4F7556}") = "IxMilia.BCad.Core.Test", "src\IxMilia.BCad.Core.Test\IxMilia.BCad.Core.Test.csproj", "{363631FC-D656-463A-A3C0-7D8EE17CB342}"
EndProject
Project("{9A19103F-16F7-4668-BE54-9A1E7A4F7556}") = "IxMilia.Converters", "src\IxMilia.Converters\src\IxMilia.Converters\IxMilia.Converters.csproj", "{FA23EC97-17DF-40FC-B5CA-9BC5C4CB50B0}"
EndProject
Project("{9A19103F-16F7-4668-BE54-9A1E7A4F7556}") = "IxMilia.Dxf", "src\IxMilia.Converters\src\IxMilia.Dxf\src\IxMilia.Dxf\IxMilia.Dxf.csproj", "{49061758-544D-408A-A98C-DEBE8F36A2B3}"
EndProject
Project("{9A19103F-16F7-4668-BE54-9A1E7A4F7556}") = "IxMilia.Pdf", "src\IxMilia.Converters\src\IxMilia.Pdf\src\IxMilia.Pdf\IxMilia.Pdf.csproj", "{A02B0FA9-2801-4864-B598-EFDCE95DBFD1}"
EndProject
Project("{9A19103F-16F7-4668-BE54-9A1E7A4F7556}") = "IxMilia.BCad.Rpc", "src\IxMilia.BCad.Rpc\IxMilia.BCad.Rpc.csproj", "{3500B191-7598-4C97-B22D-768C7055A6B6}"
EndProject
Project("{9A19103F-16F7-4668-BE54-9A1E7A4F7556}") = "bcad", "src\bcad\bcad.csproj", "{35A9D298-1A46-4BAC-B74A-E65C64772F7F}"
EndProject
Project("{9A19103F-16F7-4668-BE54-9A1E7A4F7556}") = "IxMilia.BCad.InterfaceGenerator", "src\IxMilia.BCad.InterfaceGenerator\IxMilia.BCad.InterfaceGenerator.csproj", "{62E9CDFE-DDB4-4E3D-B73B-12137AE7891E}"
EndProject
Project("{9A19103F-16F7-4668-BE54-9A1E7A4F7556}") = "IxMilia.BCad.Rpc.Test", "src\IxMilia.BCad.Rpc.Test\IxMilia.BCad.Rpc.Test.csproj", "{665535C3-A53D-4801-91F2-92D6513570E2}"
EndProject
Project("{9A19103F-16F7-4668-BE54-9A1E7A4F7556}") = "IxMilia.Dwg", "src\IxMilia.Converters\src\IxMilia.Dwg\src\IxMilia.Dwg\IxMilia.Dwg.csproj", "{10A60BDC-2376-4C3B-B439-24461983F7F0}"
EndProject
Project("{9A19103F-16F7-4668-BE54-9A1E7A4F7556}") = "IxMilia.BCad.CommandLine", "src\IxMilia.BCad.CommandLine\IxMilia.BCad.CommandLine.csproj", "{EA76DCA8-EC77-40A3-9B9C-5B92914C4F9A}"
EndProject
Project("{9A19103F-16F7-4668-BE54-9A1E7A4F7556}") = "IxMilia.BCad.CommandLine.Test", "src\IxMilia.BCad.CommandLine.Test\IxMilia.BCad.CommandLine.Test.csproj", "{30A24602-336B-45DB-9B1B-BA906AAFD3CC}"
EndProject
Project("{9A19103F-16F7-4668-BE54-9A1E7A4F7556}") = "IxMilia.BCad.Lisp", "src\IxMilia.BCad.Lisp\IxMilia.BCad.Lisp.csproj", "{690032DE-75AC-4D50-9EE6-701ED15D1FEC}"
EndProject
Project("{9A19103F-16F7-4668-BE54-9A1E7A4F7556}") = "IxMilia.BCad.Lisp.Test", "src\IxMilia.BCad.Lisp.Test\IxMilia.BCad.Lisp.Test.csproj", "{5B99D8B8-7441-4AB1-BD65-5D879628C030}"
EndProject
Project("{9A19103F-16F7-4668-BE54-9A1E7A4F7556}") = "IxMilia.Lisp", "src\IxMilia.Lisp\src\IxMilia.Lisp\IxMilia.Lisp.csproj", "{B6D3B5CB-17B8-47B4-86DF-CBECA10CA743}"
EndProject
Global
	GlobalSection(SolutionConfigurationPlatforms) = preSolution
		Debug|Any CPU = Debug|Any CPU
		Debug|ARM = Debug|ARM
		Debug|Mixed Platforms = Debug|Mixed Platforms
		Debug|x64 = Debug|x64
		Debug|x86 = Debug|x86
		Release|Any CPU = Release|Any CPU
		Release|ARM = Release|ARM
		Release|Mixed Platforms = Release|Mixed Platforms
		Release|x64 = Release|x64
		Release|x86 = Release|x86
	EndGlobalSection
	GlobalSection(ProjectConfigurationPlatforms) = postSolution
		{AE1E5DC5-64DB-4FBA-847C-5B84A865EEC1}.Debug|Any CPU.ActiveCfg = Debug|Any CPU
		{AE1E5DC5-64DB-4FBA-847C-5B84A865EEC1}.Debug|Any CPU.Build.0 = Debug|Any CPU
		{AE1E5DC5-64DB-4FBA-847C-5B84A865EEC1}.Debug|ARM.ActiveCfg = Debug|Any CPU
		{AE1E5DC5-64DB-4FBA-847C-5B84A865EEC1}.Debug|Mixed Platforms.ActiveCfg = Debug|Any CPU
		{AE1E5DC5-64DB-4FBA-847C-5B84A865EEC1}.Debug|Mixed Platforms.Build.0 = Debug|Any CPU
		{AE1E5DC5-64DB-4FBA-847C-5B84A865EEC1}.Debug|x64.ActiveCfg = Debug|Any CPU
		{AE1E5DC5-64DB-4FBA-847C-5B84A865EEC1}.Debug|x86.ActiveCfg = Debug|Any CPU
		{AE1E5DC5-64DB-4FBA-847C-5B84A865EEC1}.Release|Any CPU.ActiveCfg = Release|Any CPU
		{AE1E5DC5-64DB-4FBA-847C-5B84A865EEC1}.Release|Any CPU.Build.0 = Release|Any CPU
		{AE1E5DC5-64DB-4FBA-847C-5B84A865EEC1}.Release|ARM.ActiveCfg = Release|Any CPU
		{AE1E5DC5-64DB-4FBA-847C-5B84A865EEC1}.Release|Mixed Platforms.ActiveCfg = Release|Any CPU
		{AE1E5DC5-64DB-4FBA-847C-5B84A865EEC1}.Release|Mixed Platforms.Build.0 = Release|Any CPU
		{AE1E5DC5-64DB-4FBA-847C-5B84A865EEC1}.Release|x64.ActiveCfg = Release|Any CPU
		{AE1E5DC5-64DB-4FBA-847C-5B84A865EEC1}.Release|x86.ActiveCfg = Release|Any CPU
		{0B2DC042-30B6-4D2B-AC56-5F12D1EB5A55}.Debug|Any CPU.ActiveCfg = Debug|Any CPU
		{0B2DC042-30B6-4D2B-AC56-5F12D1EB5A55}.Debug|Any CPU.Build.0 = Debug|Any CPU
		{0B2DC042-30B6-4D2B-AC56-5F12D1EB5A55}.Debug|ARM.ActiveCfg = Debug|Any CPU
		{0B2DC042-30B6-4D2B-AC56-5F12D1EB5A55}.Debug|Mixed Platforms.ActiveCfg = Debug|Any CPU
		{0B2DC042-30B6-4D2B-AC56-5F12D1EB5A55}.Debug|Mixed Platforms.Build.0 = Debug|Any CPU
		{0B2DC042-30B6-4D2B-AC56-5F12D1EB5A55}.Debug|x64.ActiveCfg = Debug|Any CPU
		{0B2DC042-30B6-4D2B-AC56-5F12D1EB5A55}.Debug|x86.ActiveCfg = Debug|Any CPU
		{0B2DC042-30B6-4D2B-AC56-5F12D1EB5A55}.Release|Any CPU.ActiveCfg = Release|Any CPU
		{0B2DC042-30B6-4D2B-AC56-5F12D1EB5A55}.Release|Any CPU.Build.0 = Release|Any CPU
		{0B2DC042-30B6-4D2B-AC56-5F12D1EB5A55}.Release|ARM.ActiveCfg = Release|Any CPU
		{0B2DC042-30B6-4D2B-AC56-5F12D1EB5A55}.Release|Mixed Platforms.ActiveCfg = Release|Any CPU
		{0B2DC042-30B6-4D2B-AC56-5F12D1EB5A55}.Release|Mixed Platforms.Build.0 = Release|Any CPU
		{0B2DC042-30B6-4D2B-AC56-5F12D1EB5A55}.Release|x64.ActiveCfg = Release|Any CPU
		{0B2DC042-30B6-4D2B-AC56-5F12D1EB5A55}.Release|x86.ActiveCfg = Release|Any CPU
		{EDB8FB15-5411-47F8-804A-EC0F696CD4E4}.Debug|Any CPU.ActiveCfg = Debug|Any CPU
		{EDB8FB15-5411-47F8-804A-EC0F696CD4E4}.Debug|Any CPU.Build.0 = Debug|Any CPU
		{EDB8FB15-5411-47F8-804A-EC0F696CD4E4}.Debug|ARM.ActiveCfg = Debug|Any CPU
		{EDB8FB15-5411-47F8-804A-EC0F696CD4E4}.Debug|ARM.Build.0 = Debug|Any CPU
		{EDB8FB15-5411-47F8-804A-EC0F696CD4E4}.Debug|Mixed Platforms.ActiveCfg = Debug|Any CPU
		{EDB8FB15-5411-47F8-804A-EC0F696CD4E4}.Debug|Mixed Platforms.Build.0 = Debug|Any CPU
		{EDB8FB15-5411-47F8-804A-EC0F696CD4E4}.Debug|x64.ActiveCfg = Debug|Any CPU
		{EDB8FB15-5411-47F8-804A-EC0F696CD4E4}.Debug|x64.Build.0 = Debug|Any CPU
		{EDB8FB15-5411-47F8-804A-EC0F696CD4E4}.Debug|x86.ActiveCfg = Debug|Any CPU
		{EDB8FB15-5411-47F8-804A-EC0F696CD4E4}.Debug|x86.Build.0 = Debug|Any CPU
		{EDB8FB15-5411-47F8-804A-EC0F696CD4E4}.Release|Any CPU.ActiveCfg = Release|Any CPU
		{EDB8FB15-5411-47F8-804A-EC0F696CD4E4}.Release|Any CPU.Build.0 = Release|Any CPU
		{EDB8FB15-5411-47F8-804A-EC0F696CD4E4}.Release|ARM.ActiveCfg = Release|Any CPU
		{EDB8FB15-5411-47F8-804A-EC0F696CD4E4}.Release|ARM.Build.0 = Release|Any CPU
		{EDB8FB15-5411-47F8-804A-EC0F696CD4E4}.Release|Mixed Platforms.ActiveCfg = Release|Any CPU
		{EDB8FB15-5411-47F8-804A-EC0F696CD4E4}.Release|Mixed Platforms.Build.0 = Release|Any CPU
		{EDB8FB15-5411-47F8-804A-EC0F696CD4E4}.Release|x64.ActiveCfg = Release|Any CPU
		{EDB8FB15-5411-47F8-804A-EC0F696CD4E4}.Release|x64.Build.0 = Release|Any CPU
		{EDB8FB15-5411-47F8-804A-EC0F696CD4E4}.Release|x86.ActiveCfg = Release|Any CPU
		{EDB8FB15-5411-47F8-804A-EC0F696CD4E4}.Release|x86.Build.0 = Release|Any CPU
		{7BEB4FB6-8A3E-4690-B06C-357130AB4226}.Debug|Any CPU.ActiveCfg = Debug|Any CPU
		{7BEB4FB6-8A3E-4690-B06C-357130AB4226}.Debug|Any CPU.Build.0 = Debug|Any CPU
		{7BEB4FB6-8A3E-4690-B06C-357130AB4226}.Debug|ARM.ActiveCfg = Debug|Any CPU
		{7BEB4FB6-8A3E-4690-B06C-357130AB4226}.Debug|ARM.Build.0 = Debug|Any CPU
		{7BEB4FB6-8A3E-4690-B06C-357130AB4226}.Debug|Mixed Platforms.ActiveCfg = Debug|Any CPU
		{7BEB4FB6-8A3E-4690-B06C-357130AB4226}.Debug|Mixed Platforms.Build.0 = Debug|Any CPU
		{7BEB4FB6-8A3E-4690-B06C-357130AB4226}.Debug|x64.ActiveCfg = Debug|Any CPU
		{7BEB4FB6-8A3E-4690-B06C-357130AB4226}.Debug|x64.Build.0 = Debug|Any CPU
		{7BEB4FB6-8A3E-4690-B06C-357130AB4226}.Debug|x86.ActiveCfg = Debug|Any CPU
		{7BEB4FB6-8A3E-4690-B06C-357130AB4226}.Debug|x86.Build.0 = Debug|Any CPU
		{7BEB4FB6-8A3E-4690-B06C-357130AB4226}.Release|Any CPU.ActiveCfg = Release|Any CPU
		{7BEB4FB6-8A3E-4690-B06C-357130AB4226}.Release|Any CPU.Build.0 = Release|Any CPU
		{7BEB4FB6-8A3E-4690-B06C-357130AB4226}.Release|ARM.ActiveCfg = Release|Any CPU
		{7BEB4FB6-8A3E-4690-B06C-357130AB4226}.Release|ARM.Build.0 = Release|Any CPU
		{7BEB4FB6-8A3E-4690-B06C-357130AB4226}.Release|Mixed Platforms.ActiveCfg = Release|Any CPU
		{7BEB4FB6-8A3E-4690-B06C-357130AB4226}.Release|Mixed Platforms.Build.0 = Release|Any CPU
		{7BEB4FB6-8A3E-4690-B06C-357130AB4226}.Release|x64.ActiveCfg = Release|Any CPU
		{7BEB4FB6-8A3E-4690-B06C-357130AB4226}.Release|x64.Build.0 = Release|Any CPU
		{7BEB4FB6-8A3E-4690-B06C-357130AB4226}.Release|x86.ActiveCfg = Release|Any CPU
		{7BEB4FB6-8A3E-4690-B06C-357130AB4226}.Release|x86.Build.0 = Release|Any CPU
		{B1A59BD1-0661-4B55-9B36-F9B970829D12}.Debug|Any CPU.ActiveCfg = Debug|Any CPU
		{B1A59BD1-0661-4B55-9B36-F9B970829D12}.Debug|Any CPU.Build.0 = Debug|Any CPU
		{B1A59BD1-0661-4B55-9B36-F9B970829D12}.Debug|ARM.ActiveCfg = Debug|Any CPU
		{B1A59BD1-0661-4B55-9B36-F9B970829D12}.Debug|ARM.Build.0 = Debug|Any CPU
		{B1A59BD1-0661-4B55-9B36-F9B970829D12}.Debug|Mixed Platforms.ActiveCfg = Debug|Any CPU
		{B1A59BD1-0661-4B55-9B36-F9B970829D12}.Debug|Mixed Platforms.Build.0 = Debug|Any CPU
		{B1A59BD1-0661-4B55-9B36-F9B970829D12}.Debug|x64.ActiveCfg = Debug|Any CPU
		{B1A59BD1-0661-4B55-9B36-F9B970829D12}.Debug|x64.Build.0 = Debug|Any CPU
		{B1A59BD1-0661-4B55-9B36-F9B970829D12}.Debug|x86.ActiveCfg = Debug|Any CPU
		{B1A59BD1-0661-4B55-9B36-F9B970829D12}.Debug|x86.Build.0 = Debug|Any CPU
		{B1A59BD1-0661-4B55-9B36-F9B970829D12}.Release|Any CPU.ActiveCfg = Release|Any CPU
		{B1A59BD1-0661-4B55-9B36-F9B970829D12}.Release|Any CPU.Build.0 = Release|Any CPU
		{B1A59BD1-0661-4B55-9B36-F9B970829D12}.Release|ARM.ActiveCfg = Release|Any CPU
		{B1A59BD1-0661-4B55-9B36-F9B970829D12}.Release|ARM.Build.0 = Release|Any CPU
		{B1A59BD1-0661-4B55-9B36-F9B970829D12}.Release|Mixed Platforms.ActiveCfg = Release|Any CPU
		{B1A59BD1-0661-4B55-9B36-F9B970829D12}.Release|Mixed Platforms.Build.0 = Release|Any CPU
		{B1A59BD1-0661-4B55-9B36-F9B970829D12}.Release|x64.ActiveCfg = Release|Any CPU
		{B1A59BD1-0661-4B55-9B36-F9B970829D12}.Release|x64.Build.0 = Release|Any CPU
		{B1A59BD1-0661-4B55-9B36-F9B970829D12}.Release|x86.ActiveCfg = Release|Any CPU
		{B1A59BD1-0661-4B55-9B36-F9B970829D12}.Release|x86.Build.0 = Release|Any CPU
		{E55B1680-A787-49EC-AF25-45F14B08848D}.Debug|Any CPU.ActiveCfg = Debug|Any CPU
		{E55B1680-A787-49EC-AF25-45F14B08848D}.Debug|Any CPU.Build.0 = Debug|Any CPU
		{E55B1680-A787-49EC-AF25-45F14B08848D}.Debug|ARM.ActiveCfg = Debug|Any CPU
		{E55B1680-A787-49EC-AF25-45F14B08848D}.Debug|ARM.Build.0 = Debug|Any CPU
		{E55B1680-A787-49EC-AF25-45F14B08848D}.Debug|Mixed Platforms.ActiveCfg = Debug|Any CPU
		{E55B1680-A787-49EC-AF25-45F14B08848D}.Debug|Mixed Platforms.Build.0 = Debug|Any CPU
		{E55B1680-A787-49EC-AF25-45F14B08848D}.Debug|x64.ActiveCfg = Debug|Any CPU
		{E55B1680-A787-49EC-AF25-45F14B08848D}.Debug|x64.Build.0 = Debug|Any CPU
		{E55B1680-A787-49EC-AF25-45F14B08848D}.Debug|x86.ActiveCfg = Debug|Any CPU
		{E55B1680-A787-49EC-AF25-45F14B08848D}.Debug|x86.Build.0 = Debug|Any CPU
		{E55B1680-A787-49EC-AF25-45F14B08848D}.Release|Any CPU.ActiveCfg = Release|Any CPU
		{E55B1680-A787-49EC-AF25-45F14B08848D}.Release|Any CPU.Build.0 = Release|Any CPU
		{E55B1680-A787-49EC-AF25-45F14B08848D}.Release|ARM.ActiveCfg = Release|Any CPU
		{E55B1680-A787-49EC-AF25-45F14B08848D}.Release|ARM.Build.0 = Release|Any CPU
		{E55B1680-A787-49EC-AF25-45F14B08848D}.Release|Mixed Platforms.ActiveCfg = Release|Any CPU
		{E55B1680-A787-49EC-AF25-45F14B08848D}.Release|Mixed Platforms.Build.0 = Release|Any CPU
		{E55B1680-A787-49EC-AF25-45F14B08848D}.Release|x64.ActiveCfg = Release|Any CPU
		{E55B1680-A787-49EC-AF25-45F14B08848D}.Release|x64.Build.0 = Release|Any CPU
		{E55B1680-A787-49EC-AF25-45F14B08848D}.Release|x86.ActiveCfg = Release|Any CPU
		{E55B1680-A787-49EC-AF25-45F14B08848D}.Release|x86.Build.0 = Release|Any CPU
		{CE371DD1-3780-4D9A-A440-FB2D58311552}.Debug|Any CPU.ActiveCfg = Debug|Any CPU
		{CE371DD1-3780-4D9A-A440-FB2D58311552}.Debug|Any CPU.Build.0 = Debug|Any CPU
		{CE371DD1-3780-4D9A-A440-FB2D58311552}.Debug|ARM.ActiveCfg = Debug|Any CPU
		{CE371DD1-3780-4D9A-A440-FB2D58311552}.Debug|ARM.Build.0 = Debug|Any CPU
		{CE371DD1-3780-4D9A-A440-FB2D58311552}.Debug|Mixed Platforms.ActiveCfg = Debug|Any CPU
		{CE371DD1-3780-4D9A-A440-FB2D58311552}.Debug|Mixed Platforms.Build.0 = Debug|Any CPU
		{CE371DD1-3780-4D9A-A440-FB2D58311552}.Debug|x64.ActiveCfg = Debug|Any CPU
		{CE371DD1-3780-4D9A-A440-FB2D58311552}.Debug|x64.Build.0 = Debug|Any CPU
		{CE371DD1-3780-4D9A-A440-FB2D58311552}.Debug|x86.ActiveCfg = Debug|Any CPU
		{CE371DD1-3780-4D9A-A440-FB2D58311552}.Debug|x86.Build.0 = Debug|Any CPU
		{CE371DD1-3780-4D9A-A440-FB2D58311552}.Release|Any CPU.ActiveCfg = Release|Any CPU
		{CE371DD1-3780-4D9A-A440-FB2D58311552}.Release|Any CPU.Build.0 = Release|Any CPU
		{CE371DD1-3780-4D9A-A440-FB2D58311552}.Release|ARM.ActiveCfg = Release|Any CPU
		{CE371DD1-3780-4D9A-A440-FB2D58311552}.Release|ARM.Build.0 = Release|Any CPU
		{CE371DD1-3780-4D9A-A440-FB2D58311552}.Release|Mixed Platforms.ActiveCfg = Release|Any CPU
		{CE371DD1-3780-4D9A-A440-FB2D58311552}.Release|Mixed Platforms.Build.0 = Release|Any CPU
		{CE371DD1-3780-4D9A-A440-FB2D58311552}.Release|x64.ActiveCfg = Release|Any CPU
		{CE371DD1-3780-4D9A-A440-FB2D58311552}.Release|x64.Build.0 = Release|Any CPU
		{CE371DD1-3780-4D9A-A440-FB2D58311552}.Release|x86.ActiveCfg = Release|Any CPU
		{CE371DD1-3780-4D9A-A440-FB2D58311552}.Release|x86.Build.0 = Release|Any CPU
		{363631FC-D656-463A-A3C0-7D8EE17CB342}.Debug|Any CPU.ActiveCfg = Debug|Any CPU
		{363631FC-D656-463A-A3C0-7D8EE17CB342}.Debug|Any CPU.Build.0 = Debug|Any CPU
		{363631FC-D656-463A-A3C0-7D8EE17CB342}.Debug|ARM.ActiveCfg = Debug|Any CPU
		{363631FC-D656-463A-A3C0-7D8EE17CB342}.Debug|ARM.Build.0 = Debug|Any CPU
		{363631FC-D656-463A-A3C0-7D8EE17CB342}.Debug|Mixed Platforms.ActiveCfg = Debug|Any CPU
		{363631FC-D656-463A-A3C0-7D8EE17CB342}.Debug|Mixed Platforms.Build.0 = Debug|Any CPU
		{363631FC-D656-463A-A3C0-7D8EE17CB342}.Debug|x64.ActiveCfg = Debug|Any CPU
		{363631FC-D656-463A-A3C0-7D8EE17CB342}.Debug|x64.Build.0 = Debug|Any CPU
		{363631FC-D656-463A-A3C0-7D8EE17CB342}.Debug|x86.ActiveCfg = Debug|Any CPU
		{363631FC-D656-463A-A3C0-7D8EE17CB342}.Debug|x86.Build.0 = Debug|Any CPU
		{363631FC-D656-463A-A3C0-7D8EE17CB342}.Release|Any CPU.ActiveCfg = Release|Any CPU
		{363631FC-D656-463A-A3C0-7D8EE17CB342}.Release|Any CPU.Build.0 = Release|Any CPU
		{363631FC-D656-463A-A3C0-7D8EE17CB342}.Release|ARM.ActiveCfg = Release|Any CPU
		{363631FC-D656-463A-A3C0-7D8EE17CB342}.Release|ARM.Build.0 = Release|Any CPU
		{363631FC-D656-463A-A3C0-7D8EE17CB342}.Release|Mixed Platforms.ActiveCfg = Release|Any CPU
		{363631FC-D656-463A-A3C0-7D8EE17CB342}.Release|Mixed Platforms.Build.0 = Release|Any CPU
		{363631FC-D656-463A-A3C0-7D8EE17CB342}.Release|x64.ActiveCfg = Release|Any CPU
		{363631FC-D656-463A-A3C0-7D8EE17CB342}.Release|x64.Build.0 = Release|Any CPU
		{363631FC-D656-463A-A3C0-7D8EE17CB342}.Release|x86.ActiveCfg = Release|Any CPU
		{363631FC-D656-463A-A3C0-7D8EE17CB342}.Release|x86.Build.0 = Release|Any CPU
		{FA23EC97-17DF-40FC-B5CA-9BC5C4CB50B0}.Debug|Any CPU.ActiveCfg = Debug|Any CPU
		{FA23EC97-17DF-40FC-B5CA-9BC5C4CB50B0}.Debug|Any CPU.Build.0 = Debug|Any CPU
		{FA23EC97-17DF-40FC-B5CA-9BC5C4CB50B0}.Debug|ARM.ActiveCfg = Debug|Any CPU
		{FA23EC97-17DF-40FC-B5CA-9BC5C4CB50B0}.Debug|ARM.Build.0 = Debug|Any CPU
		{FA23EC97-17DF-40FC-B5CA-9BC5C4CB50B0}.Debug|Mixed Platforms.ActiveCfg = Debug|Any CPU
		{FA23EC97-17DF-40FC-B5CA-9BC5C4CB50B0}.Debug|Mixed Platforms.Build.0 = Debug|Any CPU
		{FA23EC97-17DF-40FC-B5CA-9BC5C4CB50B0}.Debug|x64.ActiveCfg = Debug|Any CPU
		{FA23EC97-17DF-40FC-B5CA-9BC5C4CB50B0}.Debug|x64.Build.0 = Debug|Any CPU
		{FA23EC97-17DF-40FC-B5CA-9BC5C4CB50B0}.Debug|x86.ActiveCfg = Debug|Any CPU
		{FA23EC97-17DF-40FC-B5CA-9BC5C4CB50B0}.Debug|x86.Build.0 = Debug|Any CPU
		{FA23EC97-17DF-40FC-B5CA-9BC5C4CB50B0}.Release|Any CPU.ActiveCfg = Release|Any CPU
		{FA23EC97-17DF-40FC-B5CA-9BC5C4CB50B0}.Release|Any CPU.Build.0 = Release|Any CPU
		{FA23EC97-17DF-40FC-B5CA-9BC5C4CB50B0}.Release|ARM.ActiveCfg = Release|Any CPU
		{FA23EC97-17DF-40FC-B5CA-9BC5C4CB50B0}.Release|ARM.Build.0 = Release|Any CPU
		{FA23EC97-17DF-40FC-B5CA-9BC5C4CB50B0}.Release|Mixed Platforms.ActiveCfg = Release|Any CPU
		{FA23EC97-17DF-40FC-B5CA-9BC5C4CB50B0}.Release|Mixed Platforms.Build.0 = Release|Any CPU
		{FA23EC97-17DF-40FC-B5CA-9BC5C4CB50B0}.Release|x64.ActiveCfg = Release|Any CPU
		{FA23EC97-17DF-40FC-B5CA-9BC5C4CB50B0}.Release|x64.Build.0 = Release|Any CPU
		{FA23EC97-17DF-40FC-B5CA-9BC5C4CB50B0}.Release|x86.ActiveCfg = Release|Any CPU
		{FA23EC97-17DF-40FC-B5CA-9BC5C4CB50B0}.Release|x86.Build.0 = Release|Any CPU
		{49061758-544D-408A-A98C-DEBE8F36A2B3}.Debug|Any CPU.ActiveCfg = Debug|Any CPU
		{49061758-544D-408A-A98C-DEBE8F36A2B3}.Debug|Any CPU.Build.0 = Debug|Any CPU
		{49061758-544D-408A-A98C-DEBE8F36A2B3}.Debug|ARM.ActiveCfg = Debug|Any CPU
		{49061758-544D-408A-A98C-DEBE8F36A2B3}.Debug|ARM.Build.0 = Debug|Any CPU
		{49061758-544D-408A-A98C-DEBE8F36A2B3}.Debug|Mixed Platforms.ActiveCfg = Debug|Any CPU
		{49061758-544D-408A-A98C-DEBE8F36A2B3}.Debug|Mixed Platforms.Build.0 = Debug|Any CPU
		{49061758-544D-408A-A98C-DEBE8F36A2B3}.Debug|x64.ActiveCfg = Debug|Any CPU
		{49061758-544D-408A-A98C-DEBE8F36A2B3}.Debug|x64.Build.0 = Debug|Any CPU
		{49061758-544D-408A-A98C-DEBE8F36A2B3}.Debug|x86.ActiveCfg = Debug|Any CPU
		{49061758-544D-408A-A98C-DEBE8F36A2B3}.Debug|x86.Build.0 = Debug|Any CPU
		{49061758-544D-408A-A98C-DEBE8F36A2B3}.Release|Any CPU.ActiveCfg = Release|Any CPU
		{49061758-544D-408A-A98C-DEBE8F36A2B3}.Release|Any CPU.Build.0 = Release|Any CPU
		{49061758-544D-408A-A98C-DEBE8F36A2B3}.Release|ARM.ActiveCfg = Release|Any CPU
		{49061758-544D-408A-A98C-DEBE8F36A2B3}.Release|ARM.Build.0 = Release|Any CPU
		{49061758-544D-408A-A98C-DEBE8F36A2B3}.Release|Mixed Platforms.ActiveCfg = Release|Any CPU
		{49061758-544D-408A-A98C-DEBE8F36A2B3}.Release|Mixed Platforms.Build.0 = Release|Any CPU
		{49061758-544D-408A-A98C-DEBE8F36A2B3}.Release|x64.ActiveCfg = Release|Any CPU
		{49061758-544D-408A-A98C-DEBE8F36A2B3}.Release|x64.Build.0 = Release|Any CPU
		{49061758-544D-408A-A98C-DEBE8F36A2B3}.Release|x86.ActiveCfg = Release|Any CPU
		{49061758-544D-408A-A98C-DEBE8F36A2B3}.Release|x86.Build.0 = Release|Any CPU
		{A02B0FA9-2801-4864-B598-EFDCE95DBFD1}.Debug|Any CPU.ActiveCfg = Debug|Any CPU
		{A02B0FA9-2801-4864-B598-EFDCE95DBFD1}.Debug|Any CPU.Build.0 = Debug|Any CPU
		{A02B0FA9-2801-4864-B598-EFDCE95DBFD1}.Debug|ARM.ActiveCfg = Debug|Any CPU
		{A02B0FA9-2801-4864-B598-EFDCE95DBFD1}.Debug|ARM.Build.0 = Debug|Any CPU
		{A02B0FA9-2801-4864-B598-EFDCE95DBFD1}.Debug|Mixed Platforms.ActiveCfg = Debug|Any CPU
		{A02B0FA9-2801-4864-B598-EFDCE95DBFD1}.Debug|Mixed Platforms.Build.0 = Debug|Any CPU
		{A02B0FA9-2801-4864-B598-EFDCE95DBFD1}.Debug|x64.ActiveCfg = Debug|Any CPU
		{A02B0FA9-2801-4864-B598-EFDCE95DBFD1}.Debug|x64.Build.0 = Debug|Any CPU
		{A02B0FA9-2801-4864-B598-EFDCE95DBFD1}.Debug|x86.ActiveCfg = Debug|Any CPU
		{A02B0FA9-2801-4864-B598-EFDCE95DBFD1}.Debug|x86.Build.0 = Debug|Any CPU
		{A02B0FA9-2801-4864-B598-EFDCE95DBFD1}.Release|Any CPU.ActiveCfg = Release|Any CPU
		{A02B0FA9-2801-4864-B598-EFDCE95DBFD1}.Release|Any CPU.Build.0 = Release|Any CPU
		{A02B0FA9-2801-4864-B598-EFDCE95DBFD1}.Release|ARM.ActiveCfg = Release|Any CPU
		{A02B0FA9-2801-4864-B598-EFDCE95DBFD1}.Release|ARM.Build.0 = Release|Any CPU
		{A02B0FA9-2801-4864-B598-EFDCE95DBFD1}.Release|Mixed Platforms.ActiveCfg = Release|Any CPU
		{A02B0FA9-2801-4864-B598-EFDCE95DBFD1}.Release|Mixed Platforms.Build.0 = Release|Any CPU
		{A02B0FA9-2801-4864-B598-EFDCE95DBFD1}.Release|x64.ActiveCfg = Release|Any CPU
		{A02B0FA9-2801-4864-B598-EFDCE95DBFD1}.Release|x64.Build.0 = Release|Any CPU
		{A02B0FA9-2801-4864-B598-EFDCE95DBFD1}.Release|x86.ActiveCfg = Release|Any CPU
		{A02B0FA9-2801-4864-B598-EFDCE95DBFD1}.Release|x86.Build.0 = Release|Any CPU
		{3500B191-7598-4C97-B22D-768C7055A6B6}.Debug|Any CPU.ActiveCfg = Debug|Any CPU
		{3500B191-7598-4C97-B22D-768C7055A6B6}.Debug|Any CPU.Build.0 = Debug|Any CPU
		{3500B191-7598-4C97-B22D-768C7055A6B6}.Debug|ARM.ActiveCfg = Debug|Any CPU
		{3500B191-7598-4C97-B22D-768C7055A6B6}.Debug|ARM.Build.0 = Debug|Any CPU
		{3500B191-7598-4C97-B22D-768C7055A6B6}.Debug|Mixed Platforms.ActiveCfg = Debug|Any CPU
		{3500B191-7598-4C97-B22D-768C7055A6B6}.Debug|Mixed Platforms.Build.0 = Debug|Any CPU
		{3500B191-7598-4C97-B22D-768C7055A6B6}.Debug|x64.ActiveCfg = Debug|Any CPU
		{3500B191-7598-4C97-B22D-768C7055A6B6}.Debug|x64.Build.0 = Debug|Any CPU
		{3500B191-7598-4C97-B22D-768C7055A6B6}.Debug|x86.ActiveCfg = Debug|Any CPU
		{3500B191-7598-4C97-B22D-768C7055A6B6}.Debug|x86.Build.0 = Debug|Any CPU
		{3500B191-7598-4C97-B22D-768C7055A6B6}.Release|Any CPU.ActiveCfg = Release|Any CPU
		{3500B191-7598-4C97-B22D-768C7055A6B6}.Release|Any CPU.Build.0 = Release|Any CPU
		{3500B191-7598-4C97-B22D-768C7055A6B6}.Release|ARM.ActiveCfg = Release|Any CPU
		{3500B191-7598-4C97-B22D-768C7055A6B6}.Release|ARM.Build.0 = Release|Any CPU
		{3500B191-7598-4C97-B22D-768C7055A6B6}.Release|Mixed Platforms.ActiveCfg = Release|Any CPU
		{3500B191-7598-4C97-B22D-768C7055A6B6}.Release|Mixed Platforms.Build.0 = Release|Any CPU
		{3500B191-7598-4C97-B22D-768C7055A6B6}.Release|x64.ActiveCfg = Release|Any CPU
		{3500B191-7598-4C97-B22D-768C7055A6B6}.Release|x64.Build.0 = Release|Any CPU
		{3500B191-7598-4C97-B22D-768C7055A6B6}.Release|x86.ActiveCfg = Release|Any CPU
		{3500B191-7598-4C97-B22D-768C7055A6B6}.Release|x86.Build.0 = Release|Any CPU
		{35A9D298-1A46-4BAC-B74A-E65C64772F7F}.Debug|Any CPU.ActiveCfg = Debug|Any CPU
		{35A9D298-1A46-4BAC-B74A-E65C64772F7F}.Debug|Any CPU.Build.0 = Debug|Any CPU
		{35A9D298-1A46-4BAC-B74A-E65C64772F7F}.Debug|ARM.ActiveCfg = Debug|Any CPU
		{35A9D298-1A46-4BAC-B74A-E65C64772F7F}.Debug|ARM.Build.0 = Debug|Any CPU
		{35A9D298-1A46-4BAC-B74A-E65C64772F7F}.Debug|Mixed Platforms.ActiveCfg = Debug|Any CPU
		{35A9D298-1A46-4BAC-B74A-E65C64772F7F}.Debug|Mixed Platforms.Build.0 = Debug|Any CPU
		{35A9D298-1A46-4BAC-B74A-E65C64772F7F}.Debug|x64.ActiveCfg = Debug|x64
		{35A9D298-1A46-4BAC-B74A-E65C64772F7F}.Debug|x64.Build.0 = Debug|x64
		{35A9D298-1A46-4BAC-B74A-E65C64772F7F}.Debug|x86.ActiveCfg = Debug|Any CPU
		{35A9D298-1A46-4BAC-B74A-E65C64772F7F}.Debug|x86.Build.0 = Debug|Any CPU
		{35A9D298-1A46-4BAC-B74A-E65C64772F7F}.Release|Any CPU.ActiveCfg = Release|Any CPU
		{35A9D298-1A46-4BAC-B74A-E65C64772F7F}.Release|Any CPU.Build.0 = Release|Any CPU
		{35A9D298-1A46-4BAC-B74A-E65C64772F7F}.Release|ARM.ActiveCfg = Release|Any CPU
		{35A9D298-1A46-4BAC-B74A-E65C64772F7F}.Release|ARM.Build.0 = Release|Any CPU
		{35A9D298-1A46-4BAC-B74A-E65C64772F7F}.Release|Mixed Platforms.ActiveCfg = Release|Any CPU
		{35A9D298-1A46-4BAC-B74A-E65C64772F7F}.Release|Mixed Platforms.Build.0 = Release|Any CPU
		{35A9D298-1A46-4BAC-B74A-E65C64772F7F}.Release|x64.ActiveCfg = Release|x64
		{35A9D298-1A46-4BAC-B74A-E65C64772F7F}.Release|x64.Build.0 = Release|x64
		{35A9D298-1A46-4BAC-B74A-E65C64772F7F}.Release|x86.ActiveCfg = Release|Any CPU
		{35A9D298-1A46-4BAC-B74A-E65C64772F7F}.Release|x86.Build.0 = Release|Any CPU
		{62E9CDFE-DDB4-4E3D-B73B-12137AE7891E}.Debug|Any CPU.ActiveCfg = Debug|Any CPU
		{62E9CDFE-DDB4-4E3D-B73B-12137AE7891E}.Debug|Any CPU.Build.0 = Debug|Any CPU
		{62E9CDFE-DDB4-4E3D-B73B-12137AE7891E}.Debug|ARM.ActiveCfg = Debug|Any CPU
		{62E9CDFE-DDB4-4E3D-B73B-12137AE7891E}.Debug|ARM.Build.0 = Debug|Any CPU
		{62E9CDFE-DDB4-4E3D-B73B-12137AE7891E}.Debug|Mixed Platforms.ActiveCfg = Debug|Any CPU
		{62E9CDFE-DDB4-4E3D-B73B-12137AE7891E}.Debug|Mixed Platforms.Build.0 = Debug|Any CPU
		{62E9CDFE-DDB4-4E3D-B73B-12137AE7891E}.Debug|x64.ActiveCfg = Debug|Any CPU
		{62E9CDFE-DDB4-4E3D-B73B-12137AE7891E}.Debug|x64.Build.0 = Debug|Any CPU
		{62E9CDFE-DDB4-4E3D-B73B-12137AE7891E}.Debug|x86.ActiveCfg = Debug|Any CPU
		{62E9CDFE-DDB4-4E3D-B73B-12137AE7891E}.Debug|x86.Build.0 = Debug|Any CPU
		{62E9CDFE-DDB4-4E3D-B73B-12137AE7891E}.Release|Any CPU.ActiveCfg = Release|Any CPU
		{62E9CDFE-DDB4-4E3D-B73B-12137AE7891E}.Release|Any CPU.Build.0 = Release|Any CPU
		{62E9CDFE-DDB4-4E3D-B73B-12137AE7891E}.Release|ARM.ActiveCfg = Release|Any CPU
		{62E9CDFE-DDB4-4E3D-B73B-12137AE7891E}.Release|ARM.Build.0 = Release|Any CPU
		{62E9CDFE-DDB4-4E3D-B73B-12137AE7891E}.Release|Mixed Platforms.ActiveCfg = Release|Any CPU
		{62E9CDFE-DDB4-4E3D-B73B-12137AE7891E}.Release|Mixed Platforms.Build.0 = Release|Any CPU
		{62E9CDFE-DDB4-4E3D-B73B-12137AE7891E}.Release|x64.ActiveCfg = Release|Any CPU
		{62E9CDFE-DDB4-4E3D-B73B-12137AE7891E}.Release|x64.Build.0 = Release|Any CPU
		{62E9CDFE-DDB4-4E3D-B73B-12137AE7891E}.Release|x86.ActiveCfg = Release|Any CPU
		{62E9CDFE-DDB4-4E3D-B73B-12137AE7891E}.Release|x86.Build.0 = Release|Any CPU
		{665535C3-A53D-4801-91F2-92D6513570E2}.Debug|Any CPU.ActiveCfg = Debug|Any CPU
		{665535C3-A53D-4801-91F2-92D6513570E2}.Debug|Any CPU.Build.0 = Debug|Any CPU
		{665535C3-A53D-4801-91F2-92D6513570E2}.Debug|ARM.ActiveCfg = Debug|Any CPU
		{665535C3-A53D-4801-91F2-92D6513570E2}.Debug|ARM.Build.0 = Debug|Any CPU
		{665535C3-A53D-4801-91F2-92D6513570E2}.Debug|Mixed Platforms.ActiveCfg = Debug|Any CPU
		{665535C3-A53D-4801-91F2-92D6513570E2}.Debug|Mixed Platforms.Build.0 = Debug|Any CPU
		{665535C3-A53D-4801-91F2-92D6513570E2}.Debug|x64.ActiveCfg = Debug|Any CPU
		{665535C3-A53D-4801-91F2-92D6513570E2}.Debug|x64.Build.0 = Debug|Any CPU
		{665535C3-A53D-4801-91F2-92D6513570E2}.Debug|x86.ActiveCfg = Debug|Any CPU
		{665535C3-A53D-4801-91F2-92D6513570E2}.Debug|x86.Build.0 = Debug|Any CPU
		{665535C3-A53D-4801-91F2-92D6513570E2}.Release|Any CPU.ActiveCfg = Release|Any CPU
		{665535C3-A53D-4801-91F2-92D6513570E2}.Release|Any CPU.Build.0 = Release|Any CPU
		{665535C3-A53D-4801-91F2-92D6513570E2}.Release|ARM.ActiveCfg = Release|Any CPU
		{665535C3-A53D-4801-91F2-92D6513570E2}.Release|ARM.Build.0 = Release|Any CPU
		{665535C3-A53D-4801-91F2-92D6513570E2}.Release|Mixed Platforms.ActiveCfg = Release|Any CPU
		{665535C3-A53D-4801-91F2-92D6513570E2}.Release|Mixed Platforms.Build.0 = Release|Any CPU
		{665535C3-A53D-4801-91F2-92D6513570E2}.Release|x64.ActiveCfg = Release|Any CPU
		{665535C3-A53D-4801-91F2-92D6513570E2}.Release|x64.Build.0 = Release|Any CPU
		{665535C3-A53D-4801-91F2-92D6513570E2}.Release|x86.ActiveCfg = Release|Any CPU
		{665535C3-A53D-4801-91F2-92D6513570E2}.Release|x86.Build.0 = Release|Any CPU
		{10A60BDC-2376-4C3B-B439-24461983F7F0}.Debug|Any CPU.ActiveCfg = Debug|Any CPU
		{10A60BDC-2376-4C3B-B439-24461983F7F0}.Debug|Any CPU.Build.0 = Debug|Any CPU
		{10A60BDC-2376-4C3B-B439-24461983F7F0}.Debug|ARM.ActiveCfg = Debug|Any CPU
		{10A60BDC-2376-4C3B-B439-24461983F7F0}.Debug|ARM.Build.0 = Debug|Any CPU
		{10A60BDC-2376-4C3B-B439-24461983F7F0}.Debug|Mixed Platforms.ActiveCfg = Debug|Any CPU
		{10A60BDC-2376-4C3B-B439-24461983F7F0}.Debug|Mixed Platforms.Build.0 = Debug|Any CPU
		{10A60BDC-2376-4C3B-B439-24461983F7F0}.Debug|x64.ActiveCfg = Debug|Any CPU
		{10A60BDC-2376-4C3B-B439-24461983F7F0}.Debug|x64.Build.0 = Debug|Any CPU
		{10A60BDC-2376-4C3B-B439-24461983F7F0}.Debug|x86.ActiveCfg = Debug|Any CPU
		{10A60BDC-2376-4C3B-B439-24461983F7F0}.Debug|x86.Build.0 = Debug|Any CPU
		{10A60BDC-2376-4C3B-B439-24461983F7F0}.Release|Any CPU.ActiveCfg = Release|Any CPU
		{10A60BDC-2376-4C3B-B439-24461983F7F0}.Release|Any CPU.Build.0 = Release|Any CPU
		{10A60BDC-2376-4C3B-B439-24461983F7F0}.Release|ARM.ActiveCfg = Release|Any CPU
		{10A60BDC-2376-4C3B-B439-24461983F7F0}.Release|ARM.Build.0 = Release|Any CPU
		{10A60BDC-2376-4C3B-B439-24461983F7F0}.Release|Mixed Platforms.ActiveCfg = Release|Any CPU
		{10A60BDC-2376-4C3B-B439-24461983F7F0}.Release|Mixed Platforms.Build.0 = Release|Any CPU
		{10A60BDC-2376-4C3B-B439-24461983F7F0}.Release|x64.ActiveCfg = Release|Any CPU
		{10A60BDC-2376-4C3B-B439-24461983F7F0}.Release|x64.Build.0 = Release|Any CPU
		{10A60BDC-2376-4C3B-B439-24461983F7F0}.Release|x86.ActiveCfg = Release|Any CPU
		{10A60BDC-2376-4C3B-B439-24461983F7F0}.Release|x86.Build.0 = Release|Any CPU
		{EA76DCA8-EC77-40A3-9B9C-5B92914C4F9A}.Debug|Any CPU.ActiveCfg = Debug|Any CPU
		{EA76DCA8-EC77-40A3-9B9C-5B92914C4F9A}.Debug|Any CPU.Build.0 = Debug|Any CPU
		{EA76DCA8-EC77-40A3-9B9C-5B92914C4F9A}.Debug|ARM.ActiveCfg = Debug|Any CPU
		{EA76DCA8-EC77-40A3-9B9C-5B92914C4F9A}.Debug|ARM.Build.0 = Debug|Any CPU
		{EA76DCA8-EC77-40A3-9B9C-5B92914C4F9A}.Debug|Mixed Platforms.ActiveCfg = Debug|Any CPU
		{EA76DCA8-EC77-40A3-9B9C-5B92914C4F9A}.Debug|Mixed Platforms.Build.0 = Debug|Any CPU
		{EA76DCA8-EC77-40A3-9B9C-5B92914C4F9A}.Debug|x64.ActiveCfg = Debug|Any CPU
		{EA76DCA8-EC77-40A3-9B9C-5B92914C4F9A}.Debug|x64.Build.0 = Debug|Any CPU
		{EA76DCA8-EC77-40A3-9B9C-5B92914C4F9A}.Debug|x86.ActiveCfg = Debug|Any CPU
		{EA76DCA8-EC77-40A3-9B9C-5B92914C4F9A}.Debug|x86.Build.0 = Debug|Any CPU
		{EA76DCA8-EC77-40A3-9B9C-5B92914C4F9A}.Release|Any CPU.ActiveCfg = Release|Any CPU
		{EA76DCA8-EC77-40A3-9B9C-5B92914C4F9A}.Release|Any CPU.Build.0 = Release|Any CPU
		{EA76DCA8-EC77-40A3-9B9C-5B92914C4F9A}.Release|ARM.ActiveCfg = Release|Any CPU
		{EA76DCA8-EC77-40A3-9B9C-5B92914C4F9A}.Release|ARM.Build.0 = Release|Any CPU
		{EA76DCA8-EC77-40A3-9B9C-5B92914C4F9A}.Release|Mixed Platforms.ActiveCfg = Release|Any CPU
		{EA76DCA8-EC77-40A3-9B9C-5B92914C4F9A}.Release|Mixed Platforms.Build.0 = Release|Any CPU
		{EA76DCA8-EC77-40A3-9B9C-5B92914C4F9A}.Release|x64.ActiveCfg = Release|Any CPU
		{EA76DCA8-EC77-40A3-9B9C-5B92914C4F9A}.Release|x64.Build.0 = Release|Any CPU
		{EA76DCA8-EC77-40A3-9B9C-5B92914C4F9A}.Release|x86.ActiveCfg = Release|Any CPU
		{EA76DCA8-EC77-40A3-9B9C-5B92914C4F9A}.Release|x86.Build.0 = Release|Any CPU
		{30A24602-336B-45DB-9B1B-BA906AAFD3CC}.Debug|Any CPU.ActiveCfg = Debug|Any CPU
		{30A24602-336B-45DB-9B1B-BA906AAFD3CC}.Debug|Any CPU.Build.0 = Debug|Any CPU
		{30A24602-336B-45DB-9B1B-BA906AAFD3CC}.Debug|ARM.ActiveCfg = Debug|Any CPU
		{30A24602-336B-45DB-9B1B-BA906AAFD3CC}.Debug|ARM.Build.0 = Debug|Any CPU
		{30A24602-336B-45DB-9B1B-BA906AAFD3CC}.Debug|Mixed Platforms.ActiveCfg = Debug|Any CPU
		{30A24602-336B-45DB-9B1B-BA906AAFD3CC}.Debug|Mixed Platforms.Build.0 = Debug|Any CPU
		{30A24602-336B-45DB-9B1B-BA906AAFD3CC}.Debug|x64.ActiveCfg = Debug|Any CPU
		{30A24602-336B-45DB-9B1B-BA906AAFD3CC}.Debug|x64.Build.0 = Debug|Any CPU
		{30A24602-336B-45DB-9B1B-BA906AAFD3CC}.Debug|x86.ActiveCfg = Debug|Any CPU
		{30A24602-336B-45DB-9B1B-BA906AAFD3CC}.Debug|x86.Build.0 = Debug|Any CPU
		{30A24602-336B-45DB-9B1B-BA906AAFD3CC}.Release|Any CPU.ActiveCfg = Release|Any CPU
		{30A24602-336B-45DB-9B1B-BA906AAFD3CC}.Release|Any CPU.Build.0 = Release|Any CPU
		{30A24602-336B-45DB-9B1B-BA906AAFD3CC}.Release|ARM.ActiveCfg = Release|Any CPU
		{30A24602-336B-45DB-9B1B-BA906AAFD3CC}.Release|ARM.Build.0 = Release|Any CPU
		{30A24602-336B-45DB-9B1B-BA906AAFD3CC}.Release|Mixed Platforms.ActiveCfg = Release|Any CPU
		{30A24602-336B-45DB-9B1B-BA906AAFD3CC}.Release|Mixed Platforms.Build.0 = Release|Any CPU
		{30A24602-336B-45DB-9B1B-BA906AAFD3CC}.Release|x64.ActiveCfg = Release|Any CPU
		{30A24602-336B-45DB-9B1B-BA906AAFD3CC}.Release|x64.Build.0 = Release|Any CPU
		{30A24602-336B-45DB-9B1B-BA906AAFD3CC}.Release|x86.ActiveCfg = Release|Any CPU
		{30A24602-336B-45DB-9B1B-BA906AAFD3CC}.Release|x86.Build.0 = Release|Any CPU
		{690032DE-75AC-4D50-9EE6-701ED15D1FEC}.Debug|Any CPU.ActiveCfg = Debug|Any CPU
		{690032DE-75AC-4D50-9EE6-701ED15D1FEC}.Debug|Any CPU.Build.0 = Debug|Any CPU
		{690032DE-75AC-4D50-9EE6-701ED15D1FEC}.Debug|ARM.ActiveCfg = Debug|Any CPU
		{690032DE-75AC-4D50-9EE6-701ED15D1FEC}.Debug|ARM.Build.0 = Debug|Any CPU
		{690032DE-75AC-4D50-9EE6-701ED15D1FEC}.Debug|Mixed Platforms.ActiveCfg = Debug|Any CPU
		{690032DE-75AC-4D50-9EE6-701ED15D1FEC}.Debug|Mixed Platforms.Build.0 = Debug|Any CPU
		{690032DE-75AC-4D50-9EE6-701ED15D1FEC}.Debug|x64.ActiveCfg = Debug|Any CPU
		{690032DE-75AC-4D50-9EE6-701ED15D1FEC}.Debug|x64.Build.0 = Debug|Any CPU
		{690032DE-75AC-4D50-9EE6-701ED15D1FEC}.Debug|x86.ActiveCfg = Debug|Any CPU
		{690032DE-75AC-4D50-9EE6-701ED15D1FEC}.Debug|x86.Build.0 = Debug|Any CPU
		{690032DE-75AC-4D50-9EE6-701ED15D1FEC}.Release|Any CPU.ActiveCfg = Release|Any CPU
		{690032DE-75AC-4D50-9EE6-701ED15D1FEC}.Release|Any CPU.Build.0 = Release|Any CPU
		{690032DE-75AC-4D50-9EE6-701ED15D1FEC}.Release|ARM.ActiveCfg = Release|Any CPU
		{690032DE-75AC-4D50-9EE6-701ED15D1FEC}.Release|ARM.Build.0 = Release|Any CPU
		{690032DE-75AC-4D50-9EE6-701ED15D1FEC}.Release|Mixed Platforms.ActiveCfg = Release|Any CPU
		{690032DE-75AC-4D50-9EE6-701ED15D1FEC}.Release|Mixed Platforms.Build.0 = Release|Any CPU
		{690032DE-75AC-4D50-9EE6-701ED15D1FEC}.Release|x64.ActiveCfg = Release|Any CPU
		{690032DE-75AC-4D50-9EE6-701ED15D1FEC}.Release|x64.Build.0 = Release|Any CPU
		{690032DE-75AC-4D50-9EE6-701ED15D1FEC}.Release|x86.ActiveCfg = Release|Any CPU
		{690032DE-75AC-4D50-9EE6-701ED15D1FEC}.Release|x86.Build.0 = Release|Any CPU
		{5B99D8B8-7441-4AB1-BD65-5D879628C030}.Debug|Any CPU.ActiveCfg = Debug|Any CPU
		{5B99D8B8-7441-4AB1-BD65-5D879628C030}.Debug|Any CPU.Build.0 = Debug|Any CPU
		{5B99D8B8-7441-4AB1-BD65-5D879628C030}.Debug|ARM.ActiveCfg = Debug|Any CPU
		{5B99D8B8-7441-4AB1-BD65-5D879628C030}.Debug|ARM.Build.0 = Debug|Any CPU
		{5B99D8B8-7441-4AB1-BD65-5D879628C030}.Debug|Mixed Platforms.ActiveCfg = Debug|Any CPU
		{5B99D8B8-7441-4AB1-BD65-5D879628C030}.Debug|Mixed Platforms.Build.0 = Debug|Any CPU
		{5B99D8B8-7441-4AB1-BD65-5D879628C030}.Debug|x64.ActiveCfg = Debug|Any CPU
		{5B99D8B8-7441-4AB1-BD65-5D879628C030}.Debug|x64.Build.0 = Debug|Any CPU
		{5B99D8B8-7441-4AB1-BD65-5D879628C030}.Debug|x86.ActiveCfg = Debug|Any CPU
		{5B99D8B8-7441-4AB1-BD65-5D879628C030}.Debug|x86.Build.0 = Debug|Any CPU
		{5B99D8B8-7441-4AB1-BD65-5D879628C030}.Release|Any CPU.ActiveCfg = Release|Any CPU
		{5B99D8B8-7441-4AB1-BD65-5D879628C030}.Release|Any CPU.Build.0 = Release|Any CPU
		{5B99D8B8-7441-4AB1-BD65-5D879628C030}.Release|ARM.ActiveCfg = Release|Any CPU
		{5B99D8B8-7441-4AB1-BD65-5D879628C030}.Release|ARM.Build.0 = Release|Any CPU
		{5B99D8B8-7441-4AB1-BD65-5D879628C030}.Release|Mixed Platforms.ActiveCfg = Release|Any CPU
		{5B99D8B8-7441-4AB1-BD65-5D879628C030}.Release|Mixed Platforms.Build.0 = Release|Any CPU
		{5B99D8B8-7441-4AB1-BD65-5D879628C030}.Release|x64.ActiveCfg = Release|Any CPU
		{5B99D8B8-7441-4AB1-BD65-5D879628C030}.Release|x64.Build.0 = Release|Any CPU
		{5B99D8B8-7441-4AB1-BD65-5D879628C030}.Release|x86.ActiveCfg = Release|Any CPU
		{5B99D8B8-7441-4AB1-BD65-5D879628C030}.Release|x86.Build.0 = Release|Any CPU
		{B6D3B5CB-17B8-47B4-86DF-CBECA10CA743}.Debug|Any CPU.ActiveCfg = Debug|Any CPU
		{B6D3B5CB-17B8-47B4-86DF-CBECA10CA743}.Debug|Any CPU.Build.0 = Debug|Any CPU
		{B6D3B5CB-17B8-47B4-86DF-CBECA10CA743}.Debug|ARM.ActiveCfg = Debug|Any CPU
		{B6D3B5CB-17B8-47B4-86DF-CBECA10CA743}.Debug|ARM.Build.0 = Debug|Any CPU
		{B6D3B5CB-17B8-47B4-86DF-CBECA10CA743}.Debug|Mixed Platforms.ActiveCfg = Debug|Any CPU
		{B6D3B5CB-17B8-47B4-86DF-CBECA10CA743}.Debug|Mixed Platforms.Build.0 = Debug|Any CPU
		{B6D3B5CB-17B8-47B4-86DF-CBECA10CA743}.Debug|x64.ActiveCfg = Debug|Any CPU
		{B6D3B5CB-17B8-47B4-86DF-CBECA10CA743}.Debug|x64.Build.0 = Debug|Any CPU
		{B6D3B5CB-17B8-47B4-86DF-CBECA10CA743}.Debug|x86.ActiveCfg = Debug|Any CPU
		{B6D3B5CB-17B8-47B4-86DF-CBECA10CA743}.Debug|x86.Build.0 = Debug|Any CPU
		{B6D3B5CB-17B8-47B4-86DF-CBECA10CA743}.Release|Any CPU.ActiveCfg = Release|Any CPU
		{B6D3B5CB-17B8-47B4-86DF-CBECA10CA743}.Release|Any CPU.Build.0 = Release|Any CPU
		{B6D3B5CB-17B8-47B4-86DF-CBECA10CA743}.Release|ARM.ActiveCfg = Release|Any CPU
		{B6D3B5CB-17B8-47B4-86DF-CBECA10CA743}.Release|ARM.Build.0 = Release|Any CPU
		{B6D3B5CB-17B8-47B4-86DF-CBECA10CA743}.Release|Mixed Platforms.ActiveCfg = Release|Any CPU
		{B6D3B5CB-17B8-47B4-86DF-CBECA10CA743}.Release|Mixed Platforms.Build.0 = Release|Any CPU
		{B6D3B5CB-17B8-47B4-86DF-CBECA10CA743}.Release|x64.ActiveCfg = Release|Any CPU
		{B6D3B5CB-17B8-47B4-86DF-CBECA10CA743}.Release|x64.Build.0 = Release|Any CPU
		{B6D3B5CB-17B8-47B4-86DF-CBECA10CA743}.Release|x86.ActiveCfg = Release|Any CPU
		{B6D3B5CB-17B8-47B4-86DF-CBECA10CA743}.Release|x86.Build.0 = Release|Any CPU
	EndGlobalSection
	GlobalSection(SolutionProperties) = preSolution
		HideSolutionNode = FALSE
	EndGlobalSection
	GlobalSection(ExtensibilityGlobals) = postSolution
		SolutionGuid = {BB8BE593-0F03-416B-9858-4896624993EF}
	EndGlobalSection
EndGlobal
