
Microsoft Visual Studio Solution File, Format Version 12.00
# Visual Studio 15
VisualStudioVersion = 15.0.26228.9
MinimumVisualStudioVersion = 10.0.40219.1
Project("{FAE04EC0-301F-11D3-BF4B-00C04F79EFBC}") = "BCad", "BCad\BCad.csproj", "{A978C366-6CC2-4F82-908A-8C830F7E6113}"
	ProjectSection(ProjectDependencies) = postProject
		{EDB8FB15-5411-47F8-804A-EC0F696CD4E4} = {EDB8FB15-5411-47F8-804A-EC0F696CD4E4}
		{0B2DC042-30B6-4D2B-AC56-5F12D1EB5A55} = {0B2DC042-30B6-4D2B-AC56-5F12D1EB5A55}
	EndProjectSection
EndProject
Project("{FAE04EC0-301F-11D3-BF4B-00C04F79EFBC}") = "BCad.Test", "BCad.Test\BCad.Test.csproj", "{399E6364-BB96-4BA8-965D-537B732DEE19}"
EndProject
Project("{FAE04EC0-301F-11D3-BF4B-00C04F79EFBC}") = "BCad.Core", "BCad.Core\BCad.Core.csproj", "{AE1E5DC5-64DB-4FBA-847C-5B84A865EEC1}"
EndProject
Project("{FAE04EC0-301F-11D3-BF4B-00C04F79EFBC}") = "BCad.FileHandlers", "BCad.FileHandlers\BCad.FileHandlers.csproj", "{0B2DC042-30B6-4D2B-AC56-5F12D1EB5A55}"
EndProject
Project("{FAE04EC0-301F-11D3-BF4B-00C04F79EFBC}") = "IxMilia.Iges", "IxMilia.Iges\src\IxMilia.Iges\IxMilia.Iges.csproj", "{EDB8FB15-5411-47F8-804A-EC0F696CD4E4}"
EndProject
Project("{FAE04EC0-301F-11D3-BF4B-00C04F79EFBC}") = "IxMilia.Step", "IxMilia.Step\src\IxMilia.Step\IxMilia.Step.csproj", "{7BEB4FB6-8A3E-4690-B06C-357130AB4226}"
EndProject
Project("{FAE04EC0-301F-11D3-BF4B-00C04F79EFBC}") = "IxMilia.Config", "IxMilia.Config\src\IxMilia.Config\IxMilia.Config.csproj", "{B1A59BD1-0661-4B55-9B36-F9B970829D12}"
EndProject
Project("{9A19103F-16F7-4668-BE54-9A1E7A4F7556}") = "IxMilia.Dxf", "IxMilia.Dxf\src\IxMilia.Dxf\IxMilia.Dxf.csproj", "{7BA117F4-3307-46A6-B4E7-09C72B5B97BF}"
EndProject
Project("{9A19103F-16F7-4668-BE54-9A1E7A4F7556}") = "IxMilia.Pdf", "IxMilia.Pdf\src\IxMilia.Pdf\IxMilia.Pdf.csproj", "{A1CFAB83-7538-4A75-967F-FCC7E5499C6D}"
EndProject
Project("{9A19103F-16F7-4668-BE54-9A1E7A4F7556}") = "IxMilia.Stl", "IxMilia.Stl\src\IxMilia.Stl\IxMilia.Stl.csproj", "{E55B1680-A787-49EC-AF25-45F14B08848D}"
EndProject
Global
	GlobalSection(SolutionConfigurationPlatforms) = preSolution
		Debug|Any CPU = Debug|Any CPU
		Debug|ARM = Debug|ARM
		Debug|Mixed Platforms = Debug|Mixed Platforms
		Debug|x64 = Debug|x64
		Debug|x86 = Debug|x86
		Release|Any CPU = Release|Any CPU
		Release|ARM = Release|ARM
		Release|Mixed Platforms = Release|Mixed Platforms
		Release|x64 = Release|x64
		Release|x86 = Release|x86
	EndGlobalSection
	GlobalSection(ProjectConfigurationPlatforms) = postSolution
		{A978C366-6CC2-4F82-908A-8C830F7E6113}.Debug|Any CPU.ActiveCfg = Debug|Any CPU
		{A978C366-6CC2-4F82-908A-8C830F7E6113}.Debug|Any CPU.Build.0 = Debug|Any CPU
		{A978C366-6CC2-4F82-908A-8C830F7E6113}.Debug|ARM.ActiveCfg = Debug|Any CPU
		{A978C366-6CC2-4F82-908A-8C830F7E6113}.Debug|Mixed Platforms.ActiveCfg = Debug|Any CPU
		{A978C366-6CC2-4F82-908A-8C830F7E6113}.Debug|Mixed Platforms.Build.0 = Debug|Any CPU
		{A978C366-6CC2-4F82-908A-8C830F7E6113}.Debug|x64.ActiveCfg = Debug|Any CPU
		{A978C366-6CC2-4F82-908A-8C830F7E6113}.Debug|x86.ActiveCfg = Debug|Any CPU
		{A978C366-6CC2-4F82-908A-8C830F7E6113}.Debug|x86.Build.0 = Debug|Any CPU
		{A978C366-6CC2-4F82-908A-8C830F7E6113}.Release|Any CPU.ActiveCfg = Release|Any CPU
		{A978C366-6CC2-4F82-908A-8C830F7E6113}.Release|ARM.ActiveCfg = Release|Any CPU
		{A978C366-6CC2-4F82-908A-8C830F7E6113}.Release|Mixed Platforms.ActiveCfg = Release|Any CPU
		{A978C366-6CC2-4F82-908A-8C830F7E6113}.Release|Mixed Platforms.Build.0 = Release|Any CPU
		{A978C366-6CC2-4F82-908A-8C830F7E6113}.Release|x64.ActiveCfg = Release|Any CPU
		{A978C366-6CC2-4F82-908A-8C830F7E6113}.Release|x86.ActiveCfg = Release|Any CPU
		{A978C366-6CC2-4F82-908A-8C830F7E6113}.Release|x86.Build.0 = Release|Any CPU
		{399E6364-BB96-4BA8-965D-537B732DEE19}.Debug|Any CPU.ActiveCfg = Debug|Any CPU
		{399E6364-BB96-4BA8-965D-537B732DEE19}.Debug|Any CPU.Build.0 = Debug|Any CPU
		{399E6364-BB96-4BA8-965D-537B732DEE19}.Debug|ARM.ActiveCfg = Debug|Any CPU
		{399E6364-BB96-4BA8-965D-537B732DEE19}.Debug|Mixed Platforms.ActiveCfg = Debug|Any CPU
		{399E6364-BB96-4BA8-965D-537B732DEE19}.Debug|Mixed Platforms.Build.0 = Debug|Any CPU
		{399E6364-BB96-4BA8-965D-537B732DEE19}.Debug|x64.ActiveCfg = Debug|Any CPU
		{399E6364-BB96-4BA8-965D-537B732DEE19}.Debug|x86.ActiveCfg = Debug|Any CPU
		{399E6364-BB96-4BA8-965D-537B732DEE19}.Release|Any CPU.ActiveCfg = Release|Any CPU
		{399E6364-BB96-4BA8-965D-537B732DEE19}.Release|Any CPU.Build.0 = Release|Any CPU
		{399E6364-BB96-4BA8-965D-537B732DEE19}.Release|ARM.ActiveCfg = Release|Any CPU
		{399E6364-BB96-4BA8-965D-537B732DEE19}.Release|Mixed Platforms.ActiveCfg = Release|Any CPU
		{399E6364-BB96-4BA8-965D-537B732DEE19}.Release|Mixed Platforms.Build.0 = Release|Any CPU
		{399E6364-BB96-4BA8-965D-537B732DEE19}.Release|x64.ActiveCfg = Release|Any CPU
		{399E6364-BB96-4BA8-965D-537B732DEE19}.Release|x86.ActiveCfg = Release|Any CPU
		{AE1E5DC5-64DB-4FBA-847C-5B84A865EEC1}.Debug|Any CPU.ActiveCfg = Debug|Any CPU
		{AE1E5DC5-64DB-4FBA-847C-5B84A865EEC1}.Debug|Any CPU.Build.0 = Debug|Any CPU
		{AE1E5DC5-64DB-4FBA-847C-5B84A865EEC1}.Debug|ARM.ActiveCfg = Debug|Any CPU
		{AE1E5DC5-64DB-4FBA-847C-5B84A865EEC1}.Debug|Mixed Platforms.ActiveCfg = Debug|Any CPU
		{AE1E5DC5-64DB-4FBA-847C-5B84A865EEC1}.Debug|Mixed Platforms.Build.0 = Debug|Any CPU
		{AE1E5DC5-64DB-4FBA-847C-5B84A865EEC1}.Debug|x64.ActiveCfg = Debug|Any CPU
		{AE1E5DC5-64DB-4FBA-847C-5B84A865EEC1}.Debug|x86.ActiveCfg = Debug|Any CPU
		{AE1E5DC5-64DB-4FBA-847C-5B84A865EEC1}.Release|Any CPU.ActiveCfg = Release|Any CPU
		{AE1E5DC5-64DB-4FBA-847C-5B84A865EEC1}.Release|Any CPU.Build.0 = Release|Any CPU
		{AE1E5DC5-64DB-4FBA-847C-5B84A865EEC1}.Release|ARM.ActiveCfg = Release|Any CPU
		{AE1E5DC5-64DB-4FBA-847C-5B84A865EEC1}.Release|Mixed Platforms.ActiveCfg = Release|Any CPU
		{AE1E5DC5-64DB-4FBA-847C-5B84A865EEC1}.Release|Mixed Platforms.Build.0 = Release|Any CPU
		{AE1E5DC5-64DB-4FBA-847C-5B84A865EEC1}.Release|x64.ActiveCfg = Release|Any CPU
		{AE1E5DC5-64DB-4FBA-847C-5B84A865EEC1}.Release|x86.ActiveCfg = Release|Any CPU
		{0B2DC042-30B6-4D2B-AC56-5F12D1EB5A55}.Debug|Any CPU.ActiveCfg = Debug|Any CPU
		{0B2DC042-30B6-4D2B-AC56-5F12D1EB5A55}.Debug|Any CPU.Build.0 = Debug|Any CPU
		{0B2DC042-30B6-4D2B-AC56-5F12D1EB5A55}.Debug|ARM.ActiveCfg = Debug|Any CPU
		{0B2DC042-30B6-4D2B-AC56-5F12D1EB5A55}.Debug|Mixed Platforms.ActiveCfg = Debug|Any CPU
		{0B2DC042-30B6-4D2B-AC56-5F12D1EB5A55}.Debug|Mixed Platforms.Build.0 = Debug|Any CPU
		{0B2DC042-30B6-4D2B-AC56-5F12D1EB5A55}.Debug|x64.ActiveCfg = Debug|Any CPU
		{0B2DC042-30B6-4D2B-AC56-5F12D1EB5A55}.Debug|x86.ActiveCfg = Debug|Any CPU
		{0B2DC042-30B6-4D2B-AC56-5F12D1EB5A55}.Release|Any CPU.ActiveCfg = Release|Any CPU
		{0B2DC042-30B6-4D2B-AC56-5F12D1EB5A55}.Release|Any CPU.Build.0 = Release|Any CPU
		{0B2DC042-30B6-4D2B-AC56-5F12D1EB5A55}.Release|ARM.ActiveCfg = Release|Any CPU
		{0B2DC042-30B6-4D2B-AC56-5F12D1EB5A55}.Release|Mixed Platforms.ActiveCfg = Release|Any CPU
		{0B2DC042-30B6-4D2B-AC56-5F12D1EB5A55}.Release|Mixed Platforms.Build.0 = Release|Any CPU
		{0B2DC042-30B6-4D2B-AC56-5F12D1EB5A55}.Release|x64.ActiveCfg = Release|Any CPU
		{0B2DC042-30B6-4D2B-AC56-5F12D1EB5A55}.Release|x86.ActiveCfg = Release|Any CPU
		{EDB8FB15-5411-47F8-804A-EC0F696CD4E4}.Debug|Any CPU.ActiveCfg = Debug|Any CPU
		{EDB8FB15-5411-47F8-804A-EC0F696CD4E4}.Debug|Any CPU.Build.0 = Debug|Any CPU
		{EDB8FB15-5411-47F8-804A-EC0F696CD4E4}.Debug|ARM.ActiveCfg = Debug|Any CPU
		{EDB8FB15-5411-47F8-804A-EC0F696CD4E4}.Debug|ARM.Build.0 = Debug|Any CPU
		{EDB8FB15-5411-47F8-804A-EC0F696CD4E4}.Debug|Mixed Platforms.ActiveCfg = Debug|Any CPU
		{EDB8FB15-5411-47F8-804A-EC0F696CD4E4}.Debug|Mixed Platforms.Build.0 = Debug|Any CPU
		{EDB8FB15-5411-47F8-804A-EC0F696CD4E4}.Debug|x64.ActiveCfg = Debug|Any CPU
		{EDB8FB15-5411-47F8-804A-EC0F696CD4E4}.Debug|x64.Build.0 = Debug|Any CPU
		{EDB8FB15-5411-47F8-804A-EC0F696CD4E4}.Debug|x86.ActiveCfg = Debug|Any CPU
		{EDB8FB15-5411-47F8-804A-EC0F696CD4E4}.Debug|x86.Build.0 = Debug|Any CPU
		{EDB8FB15-5411-47F8-804A-EC0F696CD4E4}.Release|Any CPU.ActiveCfg = Release|Any CPU
		{EDB8FB15-5411-47F8-804A-EC0F696CD4E4}.Release|Any CPU.Build.0 = Release|Any CPU
		{EDB8FB15-5411-47F8-804A-EC0F696CD4E4}.Release|ARM.ActiveCfg = Release|Any CPU
		{EDB8FB15-5411-47F8-804A-EC0F696CD4E4}.Release|ARM.Build.0 = Release|Any CPU
		{EDB8FB15-5411-47F8-804A-EC0F696CD4E4}.Release|Mixed Platforms.ActiveCfg = Release|Any CPU
		{EDB8FB15-5411-47F8-804A-EC0F696CD4E4}.Release|Mixed Platforms.Build.0 = Release|Any CPU
		{EDB8FB15-5411-47F8-804A-EC0F696CD4E4}.Release|x64.ActiveCfg = Release|Any CPU
		{EDB8FB15-5411-47F8-804A-EC0F696CD4E4}.Release|x64.Build.0 = Release|Any CPU
		{EDB8FB15-5411-47F8-804A-EC0F696CD4E4}.Release|x86.ActiveCfg = Release|Any CPU
		{EDB8FB15-5411-47F8-804A-EC0F696CD4E4}.Release|x86.Build.0 = Release|Any CPU
		{7BEB4FB6-8A3E-4690-B06C-357130AB4226}.Debug|Any CPU.ActiveCfg = Debug|Any CPU
		{7BEB4FB6-8A3E-4690-B06C-357130AB4226}.Debug|Any CPU.Build.0 = Debug|Any CPU
		{7BEB4FB6-8A3E-4690-B06C-357130AB4226}.Debug|ARM.ActiveCfg = Debug|Any CPU
		{7BEB4FB6-8A3E-4690-B06C-357130AB4226}.Debug|ARM.Build.0 = Debug|Any CPU
		{7BEB4FB6-8A3E-4690-B06C-357130AB4226}.Debug|Mixed Platforms.ActiveCfg = Debug|Any CPU
		{7BEB4FB6-8A3E-4690-B06C-357130AB4226}.Debug|Mixed Platforms.Build.0 = Debug|Any CPU
		{7BEB4FB6-8A3E-4690-B06C-357130AB4226}.Debug|x64.ActiveCfg = Debug|Any CPU
		{7BEB4FB6-8A3E-4690-B06C-357130AB4226}.Debug|x64.Build.0 = Debug|Any CPU
		{7BEB4FB6-8A3E-4690-B06C-357130AB4226}.Debug|x86.ActiveCfg = Debug|Any CPU
		{7BEB4FB6-8A3E-4690-B06C-357130AB4226}.Debug|x86.Build.0 = Debug|Any CPU
		{7BEB4FB6-8A3E-4690-B06C-357130AB4226}.Release|Any CPU.ActiveCfg = Release|Any CPU
		{7BEB4FB6-8A3E-4690-B06C-357130AB4226}.Release|Any CPU.Build.0 = Release|Any CPU
		{7BEB4FB6-8A3E-4690-B06C-357130AB4226}.Release|ARM.ActiveCfg = Release|Any CPU
		{7BEB4FB6-8A3E-4690-B06C-357130AB4226}.Release|ARM.Build.0 = Release|Any CPU
		{7BEB4FB6-8A3E-4690-B06C-357130AB4226}.Release|Mixed Platforms.ActiveCfg = Release|Any CPU
		{7BEB4FB6-8A3E-4690-B06C-357130AB4226}.Release|Mixed Platforms.Build.0 = Release|Any CPU
		{7BEB4FB6-8A3E-4690-B06C-357130AB4226}.Release|x64.ActiveCfg = Release|Any CPU
		{7BEB4FB6-8A3E-4690-B06C-357130AB4226}.Release|x64.Build.0 = Release|Any CPU
		{7BEB4FB6-8A3E-4690-B06C-357130AB4226}.Release|x86.ActiveCfg = Release|Any CPU
		{7BEB4FB6-8A3E-4690-B06C-357130AB4226}.Release|x86.Build.0 = Release|Any CPU
		{B1A59BD1-0661-4B55-9B36-F9B970829D12}.Debug|Any CPU.ActiveCfg = Debug|Any CPU
		{B1A59BD1-0661-4B55-9B36-F9B970829D12}.Debug|Any CPU.Build.0 = Debug|Any CPU
		{B1A59BD1-0661-4B55-9B36-F9B970829D12}.Debug|ARM.ActiveCfg = Debug|Any CPU
		{B1A59BD1-0661-4B55-9B36-F9B970829D12}.Debug|ARM.Build.0 = Debug|Any CPU
		{B1A59BD1-0661-4B55-9B36-F9B970829D12}.Debug|Mixed Platforms.ActiveCfg = Debug|Any CPU
		{B1A59BD1-0661-4B55-9B36-F9B970829D12}.Debug|Mixed Platforms.Build.0 = Debug|Any CPU
		{B1A59BD1-0661-4B55-9B36-F9B970829D12}.Debug|x64.ActiveCfg = Debug|Any CPU
		{B1A59BD1-0661-4B55-9B36-F9B970829D12}.Debug|x64.Build.0 = Debug|Any CPU
		{B1A59BD1-0661-4B55-9B36-F9B970829D12}.Debug|x86.ActiveCfg = Debug|Any CPU
		{B1A59BD1-0661-4B55-9B36-F9B970829D12}.Debug|x86.Build.0 = Debug|Any CPU
		{B1A59BD1-0661-4B55-9B36-F9B970829D12}.Release|Any CPU.ActiveCfg = Release|Any CPU
		{B1A59BD1-0661-4B55-9B36-F9B970829D12}.Release|Any CPU.Build.0 = Release|Any CPU
		{B1A59BD1-0661-4B55-9B36-F9B970829D12}.Release|ARM.ActiveCfg = Release|Any CPU
		{B1A59BD1-0661-4B55-9B36-F9B970829D12}.Release|ARM.Build.0 = Release|Any CPU
		{B1A59BD1-0661-4B55-9B36-F9B970829D12}.Release|Mixed Platforms.ActiveCfg = Release|Any CPU
		{B1A59BD1-0661-4B55-9B36-F9B970829D12}.Release|Mixed Platforms.Build.0 = Release|Any CPU
		{B1A59BD1-0661-4B55-9B36-F9B970829D12}.Release|x64.ActiveCfg = Release|Any CPU
		{B1A59BD1-0661-4B55-9B36-F9B970829D12}.Release|x64.Build.0 = Release|Any CPU
		{B1A59BD1-0661-4B55-9B36-F9B970829D12}.Release|x86.ActiveCfg = Release|Any CPU
		{B1A59BD1-0661-4B55-9B36-F9B970829D12}.Release|x86.Build.0 = Release|Any CPU
		{7BA117F4-3307-46A6-B4E7-09C72B5B97BF}.Debug|Any CPU.ActiveCfg = Debug|Any CPU
		{7BA117F4-3307-46A6-B4E7-09C72B5B97BF}.Debug|Any CPU.Build.0 = Debug|Any CPU
		{7BA117F4-3307-46A6-B4E7-09C72B5B97BF}.Debug|ARM.ActiveCfg = Debug|Any CPU
		{7BA117F4-3307-46A6-B4E7-09C72B5B97BF}.Debug|ARM.Build.0 = Debug|Any CPU
		{7BA117F4-3307-46A6-B4E7-09C72B5B97BF}.Debug|Mixed Platforms.ActiveCfg = Debug|Any CPU
		{7BA117F4-3307-46A6-B4E7-09C72B5B97BF}.Debug|Mixed Platforms.Build.0 = Debug|Any CPU
		{7BA117F4-3307-46A6-B4E7-09C72B5B97BF}.Debug|x64.ActiveCfg = Debug|Any CPU
		{7BA117F4-3307-46A6-B4E7-09C72B5B97BF}.Debug|x64.Build.0 = Debug|Any CPU
		{7BA117F4-3307-46A6-B4E7-09C72B5B97BF}.Debug|x86.ActiveCfg = Debug|Any CPU
		{7BA117F4-3307-46A6-B4E7-09C72B5B97BF}.Debug|x86.Build.0 = Debug|Any CPU
		{7BA117F4-3307-46A6-B4E7-09C72B5B97BF}.Release|Any CPU.ActiveCfg = Release|Any CPU
		{7BA117F4-3307-46A6-B4E7-09C72B5B97BF}.Release|Any CPU.Build.0 = Release|Any CPU
		{7BA117F4-3307-46A6-B4E7-09C72B5B97BF}.Release|ARM.ActiveCfg = Release|Any CPU
		{7BA117F4-3307-46A6-B4E7-09C72B5B97BF}.Release|ARM.Build.0 = Release|Any CPU
		{7BA117F4-3307-46A6-B4E7-09C72B5B97BF}.Release|Mixed Platforms.ActiveCfg = Release|Any CPU
		{7BA117F4-3307-46A6-B4E7-09C72B5B97BF}.Release|Mixed Platforms.Build.0 = Release|Any CPU
		{7BA117F4-3307-46A6-B4E7-09C72B5B97BF}.Release|x64.ActiveCfg = Release|Any CPU
		{7BA117F4-3307-46A6-B4E7-09C72B5B97BF}.Release|x64.Build.0 = Release|Any CPU
		{7BA117F4-3307-46A6-B4E7-09C72B5B97BF}.Release|x86.ActiveCfg = Release|Any CPU
		{7BA117F4-3307-46A6-B4E7-09C72B5B97BF}.Release|x86.Build.0 = Release|Any CPU
		{A1CFAB83-7538-4A75-967F-FCC7E5499C6D}.Debug|Any CPU.ActiveCfg = Debug|Any CPU
		{A1CFAB83-7538-4A75-967F-FCC7E5499C6D}.Debug|Any CPU.Build.0 = Debug|Any CPU
		{A1CFAB83-7538-4A75-967F-FCC7E5499C6D}.Debug|ARM.ActiveCfg = Debug|Any CPU
		{A1CFAB83-7538-4A75-967F-FCC7E5499C6D}.Debug|ARM.Build.0 = Debug|Any CPU
		{A1CFAB83-7538-4A75-967F-FCC7E5499C6D}.Debug|Mixed Platforms.ActiveCfg = Debug|Any CPU
		{A1CFAB83-7538-4A75-967F-FCC7E5499C6D}.Debug|Mixed Platforms.Build.0 = Debug|Any CPU
		{A1CFAB83-7538-4A75-967F-FCC7E5499C6D}.Debug|x64.ActiveCfg = Debug|Any CPU
		{A1CFAB83-7538-4A75-967F-FCC7E5499C6D}.Debug|x64.Build.0 = Debug|Any CPU
		{A1CFAB83-7538-4A75-967F-FCC7E5499C6D}.Debug|x86.ActiveCfg = Debug|Any CPU
		{A1CFAB83-7538-4A75-967F-FCC7E5499C6D}.Debug|x86.Build.0 = Debug|Any CPU
		{A1CFAB83-7538-4A75-967F-FCC7E5499C6D}.Release|Any CPU.ActiveCfg = Release|Any CPU
		{A1CFAB83-7538-4A75-967F-FCC7E5499C6D}.Release|Any CPU.Build.0 = Release|Any CPU
		{A1CFAB83-7538-4A75-967F-FCC7E5499C6D}.Release|ARM.ActiveCfg = Release|Any CPU
		{A1CFAB83-7538-4A75-967F-FCC7E5499C6D}.Release|ARM.Build.0 = Release|Any CPU
		{A1CFAB83-7538-4A75-967F-FCC7E5499C6D}.Release|Mixed Platforms.ActiveCfg = Release|Any CPU
		{A1CFAB83-7538-4A75-967F-FCC7E5499C6D}.Release|Mixed Platforms.Build.0 = Release|Any CPU
		{A1CFAB83-7538-4A75-967F-FCC7E5499C6D}.Release|x64.ActiveCfg = Release|Any CPU
		{A1CFAB83-7538-4A75-967F-FCC7E5499C6D}.Release|x64.Build.0 = Release|Any CPU
		{A1CFAB83-7538-4A75-967F-FCC7E5499C6D}.Release|x86.ActiveCfg = Release|Any CPU
		{A1CFAB83-7538-4A75-967F-FCC7E5499C6D}.Release|x86.Build.0 = Release|Any CPU
		{E55B1680-A787-49EC-AF25-45F14B08848D}.Debug|Any CPU.ActiveCfg = Debug|Any CPU
		{E55B1680-A787-49EC-AF25-45F14B08848D}.Debug|Any CPU.Build.0 = Debug|Any CPU
		{E55B1680-A787-49EC-AF25-45F14B08848D}.Debug|ARM.ActiveCfg = Debug|Any CPU
		{E55B1680-A787-49EC-AF25-45F14B08848D}.Debug|ARM.Build.0 = Debug|Any CPU
		{E55B1680-A787-49EC-AF25-45F14B08848D}.Debug|Mixed Platforms.ActiveCfg = Debug|Any CPU
		{E55B1680-A787-49EC-AF25-45F14B08848D}.Debug|Mixed Platforms.Build.0 = Debug|Any CPU
		{E55B1680-A787-49EC-AF25-45F14B08848D}.Debug|x64.ActiveCfg = Debug|Any CPU
		{E55B1680-A787-49EC-AF25-45F14B08848D}.Debug|x64.Build.0 = Debug|Any CPU
		{E55B1680-A787-49EC-AF25-45F14B08848D}.Debug|x86.ActiveCfg = Debug|Any CPU
		{E55B1680-A787-49EC-AF25-45F14B08848D}.Debug|x86.Build.0 = Debug|Any CPU
		{E55B1680-A787-49EC-AF25-45F14B08848D}.Release|Any CPU.ActiveCfg = Release|Any CPU
		{E55B1680-A787-49EC-AF25-45F14B08848D}.Release|Any CPU.Build.0 = Release|Any CPU
		{E55B1680-A787-49EC-AF25-45F14B08848D}.Release|ARM.ActiveCfg = Release|Any CPU
		{E55B1680-A787-49EC-AF25-45F14B08848D}.Release|ARM.Build.0 = Release|Any CPU
		{E55B1680-A787-49EC-AF25-45F14B08848D}.Release|Mixed Platforms.ActiveCfg = Release|Any CPU
		{E55B1680-A787-49EC-AF25-45F14B08848D}.Release|Mixed Platforms.Build.0 = Release|Any CPU
		{E55B1680-A787-49EC-AF25-45F14B08848D}.Release|x64.ActiveCfg = Release|Any CPU
		{E55B1680-A787-49EC-AF25-45F14B08848D}.Release|x64.Build.0 = Release|Any CPU
		{E55B1680-A787-49EC-AF25-45F14B08848D}.Release|x86.ActiveCfg = Release|Any CPU
		{E55B1680-A787-49EC-AF25-45F14B08848D}.Release|x86.Build.0 = Release|Any CPU
	EndGlobalSection
	GlobalSection(SolutionProperties) = preSolution
		HideSolutionNode = FALSE
	EndGlobalSection
EndGlobal
